// !$*UTF8*$!
{
	archiveVersion = 1;
	classes = {
	};
	objectVersion = 77;
	objects = {

/* Begin PBXBuildFile section */
		05F141E5842235D4942855CE /* GeneratedSummary.swift in Sources */ = {isa = PBXBuildFile; fileRef = 9871A159779B05DF3DAD1E9E /* GeneratedSummary.swift */; };
		AA01BB02CC03DD04EE050011 /* DownloadModels.swift in Sources */ = {isa = PBXBuildFile; fileRef = AA01BB02CC03DD04EE050001 /* DownloadModels.swift */; };
		AA01BB02CC03DD04EE050012 /* DownloadModels.swift in Sources */ = {isa = PBXBuildFile; fileRef = AA01BB02CC03DD04EE050001 /* DownloadModels.swift */; };
		AA01BB02CC03DD04EE050013 /* DownloadManager.swift in Sources */ = {isa = PBXBuildFile; fileRef = AA01BB02CC03DD04EE050002 /* DownloadManager.swift */; };
		AA01BB02CC03DD04EE050014 /* DownloadManager.swift in Sources */ = {isa = PBXBuildFile; fileRef = AA01BB02CC03DD04EE050002 /* DownloadManager.swift */; };
		AA01BB02CC03DD04EE050015 /* DownloadManagerTests.swift in Sources */ = {isa = PBXBuildFile; fileRef = AA01BB02CC03DD04EE050003 /* DownloadManagerTests.swift */; };
		AA06BB02CC03DD04EE060021 /* FRUSASTNode.swift in Sources */ = {isa = PBXBuildFile; fileRef = AA06BB02CC03DD04EE060001 /* FRUSASTNode.swift */; };
		AA06BB02CC03DD04EE060022 /* FRUSASTNode.swift in Sources */ = {isa = PBXBuildFile; fileRef = AA06BB02CC03DD04EE060001 /* FRUSASTNode.swift */; };
		AA06BB02CC03DD04EE060023 /* FRUSDocumentParser.swift in Sources */ = {isa = PBXBuildFile; fileRef = AA06BB02CC03DD04EE060002 /* FRUSDocumentParser.swift */; };
		AA06BB02CC03DD04EE060024 /* FRUSDocumentParser.swift in Sources */ = {isa = PBXBuildFile; fileRef = AA06BB02CC03DD04EE060002 /* FRUSDocumentParser.swift */; };
		AA06BB02CC03DD04EE060025 /* TEIRenderingConfig.swift in Sources */ = {isa = PBXBuildFile; fileRef = AA06BB02CC03DD04EE060003 /* TEIRenderingConfig.swift */; };
		AA06BB02CC03DD04EE060026 /* TEIRenderingConfig.swift in Sources */ = {isa = PBXBuildFile; fileRef = AA06BB02CC03DD04EE060003 /* TEIRenderingConfig.swift */; };
		AA06BB02CC03DD04EE060027 /* FRUSRenderNode.swift in Sources */ = {isa = PBXBuildFile; fileRef = AA06BB02CC03DD04EE060004 /* FRUSRenderNode.swift */; };
		AA06BB02CC03DD04EE060028 /* FRUSRenderNode.swift in Sources */ = {isa = PBXBuildFile; fileRef = AA06BB02CC03DD04EE060004 /* FRUSRenderNode.swift */; };
		AA06BB02CC03DD04EE060029 /* ASTToRenderNodeConverter.swift in Sources */ = {isa = PBXBuildFile; fileRef = AA06BB02CC03DD04EE060005 /* ASTToRenderNodeConverter.swift */; };
		AA06BB02CC03DD04EE060030 /* ASTToRenderNodeConverter.swift in Sources */ = {isa = PBXBuildFile; fileRef = AA06BB02CC03DD04EE060005 /* ASTToRenderNodeConverter.swift */; };
		AA06BB02CC03DD04EE060031 /* FRUSDocumentRenderer.swift in Sources */ = {isa = PBXBuildFile; fileRef = AA06BB02CC03DD04EE060006 /* FRUSDocumentRenderer.swift */; };
		AA06BB02CC03DD04EE060032 /* FRUSDocumentRenderer.swift in Sources */ = {isa = PBXBuildFile; fileRef = AA06BB02CC03DD04EE060006 /* FRUSDocumentRenderer.swift */; };
		AA06BB02CC03DD04EE060033 /* TEIParserTests.swift in Sources */ = {isa = PBXBuildFile; fileRef = AA06BB02CC03DD04EE060007 /* TEIParserTests.swift */; };
		AA07BB02CC03DD04EE070001 /* FRUSParserSession07Tests.swift in Sources */ = {isa = PBXBuildFile; fileRef = AA07BB02CC03DD04EE070002 /* FRUSParserSession07Tests.swift */; };
		AA08BB02CC03DD04EE080001 /* SubjectTagStore.swift in Sources */ = {isa = PBXBuildFile; fileRef = AA08BB02CC03DD04EE080003 /* SubjectTagStore.swift */; };
		AA08BB02CC03DD04EE080002 /* SubjectTagStore.swift in Sources */ = {isa = PBXBuildFile; fileRef = AA08BB02CC03DD04EE080003 /* SubjectTagStore.swift */; };
		AA08BB02CC03DD04EE080004 /* SubjectTagStoreTests.swift in Sources */ = {isa = PBXBuildFile; fileRef = AA08BB02CC03DD04EE080005 /* SubjectTagStoreTests.swift */; };
		AA09BB02CC03DD04EE090001 /* SearchModels.swift in Sources */ = {isa = PBXBuildFile; fileRef = AA09BB02CC03DD04EE090003 /* SearchModels.swift */; };
		AA09BB02CC03DD04EE090002 /* SearchModels.swift in Sources */ = {isa = PBXBuildFile; fileRef = AA09BB02CC03DD04EE090003 /* SearchModels.swift */; };
		AA09BB02CC03DD04EE090004 /* IndexingPipeline.swift in Sources */ = {isa = PBXBuildFile; fileRef = AA09BB02CC03DD04EE090006 /* IndexingPipeline.swift */; };
		AA09BB02CC03DD04EE090005 /* IndexingPipeline.swift in Sources */ = {isa = PBXBuildFile; fileRef = AA09BB02CC03DD04EE090006 /* IndexingPipeline.swift */; };
		AA09BB02CC03DD04EE090007 /* SearchService.swift in Sources */ = {isa = PBXBuildFile; fileRef = AA09BB02CC03DD04EE090009 /* SearchService.swift */; };
		AA09BB02CC03DD04EE090008 /* SearchService.swift in Sources */ = {isa = PBXBuildFile; fileRef = AA09BB02CC03DD04EE090009 /* SearchService.swift */; };
		AA09BB02CC03DD04EE090010 /* IndexingPipelineTests.swift in Sources */ = {isa = PBXBuildFile; fileRef = AA09BB02CC03DD04EE090011 /* IndexingPipelineTests.swift */; };
		AA09BB02CC03DD04EE09F001 /* FTS5Store.swift in Sources (macOS) */ = {isa = PBXBuildFile; fileRef = AA09BB02CC03DD04EE09F007 /* FTS5Store.swift */; };
		AA09BB02CC03DD04EE09F002 /* FTS5Store.swift in Sources (iOS) */ = {isa = PBXBuildFile; fileRef = AA09BB02CC03DD04EE09F007 /* FTS5Store.swift */; };
		AA09BB02CC03DD04EE09F003 /* FTS5Query.swift in Sources (macOS) */ = {isa = PBXBuildFile; fileRef = AA09BB02CC03DD04EE09F008 /* FTS5Query.swift */; };
		AA09BB02CC03DD04EE09F004 /* FTS5Query.swift in Sources (iOS) */ = {isa = PBXBuildFile; fileRef = AA09BB02CC03DD04EE09F008 /* FTS5Query.swift */; };
		AA09BB02CC03DD04EE09F005 /* FTS5Types.swift in Sources (macOS) */ = {isa = PBXBuildFile; fileRef = AA09BB02CC03DD04EE09F009 /* FTS5Types.swift */; };
		AA09BB02CC03DD04EE09F006 /* FTS5Types.swift in Sources (iOS) */ = {isa = PBXBuildFile; fileRef = AA09BB02CC03DD04EE09F009 /* FTS5Types.swift */; };
		AA09BB02CC03DD04EE09F010 /* FTS5Errors.swift in Sources (macOS) */ = {isa = PBXBuildFile; fileRef = AA09BB02CC03DD04EE09F011 /* FTS5Errors.swift */; };
		AA09BB02CC03DD04EE09F012 /* FTS5Errors.swift in Sources (iOS) */ = {isa = PBXBuildFile; fileRef = AA09BB02CC03DD04EE09F011 /* FTS5Errors.swift */; };
		AA09BB02CC03DD04EE09F013 /* FTS5Tokenizer.swift in Sources (macOS) */ = {isa = PBXBuildFile; fileRef = AA09BB02CC03DD04EE09F014 /* FTS5Tokenizer.swift */; };
		AA09BB02CC03DD04EE09F015 /* FTS5Tokenizer.swift in Sources (iOS) */ = {isa = PBXBuildFile; fileRef = AA09BB02CC03DD04EE09F014 /* FTS5Tokenizer.swift */; };
		AA09BB02CC03DD04EE09F016 /* FTS5Connection.swift in Sources (macOS) */ = {isa = PBXBuildFile; fileRef = AA09BB02CC03DD04EE09F017 /* FTS5Connection.swift */; };
		AA09BB02CC03DD04EE09F018 /* FTS5Connection.swift in Sources (iOS) */ = {isa = PBXBuildFile; fileRef = AA09BB02CC03DD04EE09F017 /* FTS5Connection.swift */; };
		AA06BB02CC03DD04EE060034 /* tei-rendering-config.json in Resources */ = {isa = PBXBuildFile; fileRef = AA06BB02CC03DD04EE060008 /* tei-rendering-config.json */; };
		AA06BB02CC03DD04EE060035 /* tei-rendering-config.json in Resources */ = {isa = PBXBuildFile; fileRef = AA06BB02CC03DD04EE060008 /* tei-rendering-config.json */; };
		0925AA4DBAD51623842CD5C5 /* KeychainStore.swift in Sources */ = {isa = PBXBuildFile; fileRef = 193C4CF80DBD95F6B2257B5F /* KeychainStore.swift */; };
		0B2C4093DE65922F503D8FD7 /* KeychainStore.swift in Sources */ = {isa = PBXBuildFile; fileRef = 193C4CF80DBD95F6B2257B5F /* KeychainStore.swift */; };
		18C3D51FD0954E2581DBBE1B /* UserTag.swift in Sources */ = {isa = PBXBuildFile; fileRef = D4DF72C3D865EA2920533346 /* UserTag.swift */; };
		1E9C0A2CDFE9A3CA083C51D2 /* ContentView.swift in Sources */ = {isa = PBXBuildFile; fileRef = B9B3538710154855A5E7E7D7 /* ContentView.swift */; };
		2535DC6998A028F5511DE0F8 /* UserTag.swift in Sources */ = {isa = PBXBuildFile; fileRef = D4DF72C3D865EA2920533346 /* UserTag.swift */; };
		29F10C943388E055406A717D /* manifest.json in Resources */ = {isa = PBXBuildFile; fileRef = F1D767EB095F342A813EA1D2 /* manifest.json */; };
		30CB9A71DD47CD858B1EF38C /* SummarizationPrompt.swift in Sources */ = {isa = PBXBuildFile; fileRef = 1DB23FF6B4BC644BE0AE4E3C /* SummarizationPrompt.swift */; };
		36CDFA52541406F20DF89A33 /* FRUSExplorerApp.swift in Sources */ = {isa = PBXBuildFile; fileRef = EB77D8370C7DDB536231B9E0 /* FRUSExplorerApp.swift */; };
		38A26A564699691DA7AC0274 /* EntitlementsTests.swift in Sources */ = {isa = PBXBuildFile; fileRef = C0114AD73FF8B5C9D0446099 /* EntitlementsTests.swift */; };
		392E71244D18E3D3E72BD8F4 /* ReadingHistoryEntry.swift in Sources */ = {isa = PBXBuildFile; fileRef = 836BC9B536D70E5FAD237CA0 /* ReadingHistoryEntry.swift */; };
		394289F250E39E55E732C0C2 /* taxonomy.json in Resources */ = {isa = PBXBuildFile; fileRef = EC5C8DCD8DD7D1CB8A6B20E2 /* taxonomy.json */; };
		3A7C14B592BB01EF1A3FDB1C /* AppState.swift in Sources */ = {isa = PBXBuildFile; fileRef = 5F862248B58178F5619CFDC6 /* AppState.swift */; };
		3DF4BCC23B937CD52E0723F3 /* Collection.swift in Sources */ = {isa = PBXBuildFile; fileRef = CFD448362EA354DDBDF78A63 /* Collection.swift */; };
		40D6C246CB8181B4C67AA895 /* volume-tag-taxonomy.json in Resources */ = {isa = PBXBuildFile; fileRef = F34208BE1028E5D565589526 /* volume-tag-taxonomy.json */; };
		40FCDBF62C82994384DD19A1 /* Sparkle in Frameworks */ = {isa = PBXBuildFile; productRef = 68671750974A6214CB151B5C /* Sparkle */; };
		43A229214441A0A3CFE6970A /* FRUSExplorerUITests.swift in Sources */ = {isa = PBXBuildFile; fileRef = 75C2EA99F31B567DF13DBEFC /* FRUSExplorerUITests.swift */; };
		53194C160535CA23B08EFF8E /* AppStateTests.swift in Sources */ = {isa = PBXBuildFile; fileRef = 3BD1B9BB52B39A607932B080 /* AppStateTests.swift */; };
		57383AB4A7720F91DCEE13A1 /* VolumeLevelTagStore.swift in Sources */ = {isa = PBXBuildFile; fileRef = 805A3A8F83E1102E00B2D12C /* VolumeLevelTagStore.swift */; };
		5F43EAE260BA503B5E0B465B /* SwiftDataModelTests.swift in Sources */ = {isa = PBXBuildFile; fileRef = 12AD9CC40627F7281D079B75 /* SwiftDataModelTests.swift */; };
		6299EF251CB1514312C72431 /* taxonomy.json in Resources */ = {isa = PBXBuildFile; fileRef = EC5C8DCD8DD7D1CB8A6B20E2 /* taxonomy.json */; };
		642BC7EF029DFF8E71B1E780 /* subject-appearances.json in Resources */ = {isa = PBXBuildFile; fileRef = 315FB3EB58D69FFBB9BC2C3C /* subject-appearances.json */; };
		64E69EF4C03F523D77453A8F /* ManifestStoreTests.swift in Sources */ = {isa = PBXBuildFile; fileRef = 260C0AE4446F8B084B284A5D /* ManifestStoreTests.swift */; };
		6DCA88BD2139766CC8F4C72E /* ManifestModels.swift in Sources */ = {isa = PBXBuildFile; fileRef = 29459906A446E922051D111D /* ManifestModels.swift */; };
		727AA985E27DFD88FB9D2340 /* Project.swift in Sources */ = {isa = PBXBuildFile; fileRef = 9A3B4DDDD1E49D1C18217E20 /* Project.swift */; };
		73AF92D882DFEB23A68E31A8 /* GeneratedSummary.swift in Sources */ = {isa = PBXBuildFile; fileRef = 9871A159779B05DF3DAD1E9E /* GeneratedSummary.swift */; };
		79425B089B74B72978721CBB /* ManifestStore.swift in Sources */ = {isa = PBXBuildFile; fileRef = EF6D9F9B89D5BE4E65871429 /* ManifestStore.swift */; };
		7CF36496F4F9C03707E63F24 /* TestBundleBridge.swift in Sources */ = {isa = PBXBuildFile; fileRef = DF634FC412DCC8BBEDBFD194 /* TestBundleBridge.swift */; };
		8680243A81A8986D9C3C2E14 /* KeychainStoreTests.swift in Sources */ = {isa = PBXBuildFile; fileRef = 138DA99A6075C0CE20F88129 /* KeychainStoreTests.swift */; };
		887D4D10D94B9100A232EB57 /* VolumeLevelTagStore.swift in Sources */ = {isa = PBXBuildFile; fileRef = 805A3A8F83E1102E00B2D12C /* VolumeLevelTagStore.swift */; };
		8BF507B19303B1616F13D219 /* Collection.swift in Sources */ = {isa = PBXBuildFile; fileRef = CFD448362EA354DDBDF78A63 /* Collection.swift */; };
		90FFBCCFADB367D0A52C0291 /* volume-tag-taxonomy.json in Resources */ = {isa = PBXBuildFile; fileRef = F34208BE1028E5D565589526 /* volume-tag-taxonomy.json */; };
		9D39AD7B0DDEAB44B7C81CAF /* FRUSExplorerApp.swift in Sources */ = {isa = PBXBuildFile; fileRef = EB77D8370C7DDB536231B9E0 /* FRUSExplorerApp.swift */; };
		A47BD9453B4D595C7BC63443 /* ModelContainer+FRUS.swift in Sources */ = {isa = PBXBuildFile; fileRef = 00BF8333DAB9C9E6D2B7B886 /* ModelContainer+FRUS.swift */; };
		A715CE19074448DDA44E1980 /* SupportingTypes.swift in Sources */ = {isa = PBXBuildFile; fileRef = 8EF83222D48BD23EB6123B3E /* SupportingTypes.swift */; };
		AA6374BFBF221CAC0DBEF4E0 /* ManifestModels.swift in Sources */ = {isa = PBXBuildFile; fileRef = 29459906A446E922051D111D /* ManifestModels.swift */; };
		AD3122B18EF6125A4578AA56 /* AppState.swift in Sources */ = {isa = PBXBuildFile; fileRef = 5F862248B58178F5619CFDC6 /* AppState.swift */; };
		B0130650A3D9513A0E58368C /* TaxonomyModels.swift in Sources */ = {isa = PBXBuildFile; fileRef = 48CA9490CF4D55D71EDD2A15 /* TaxonomyModels.swift */; };
		B4E3BD30BEED170BEE73254C /* ResponseFormatCodingTests.swift in Sources */ = {isa = PBXBuildFile; fileRef = 5060E9B8DA5B24A97D247999 /* ResponseFormatCodingTests.swift */; };
		BBE988FD32B6E62CDC64D145 /* ReadingHistoryEntry.swift in Sources */ = {isa = PBXBuildFile; fileRef = 836BC9B536D70E5FAD237CA0 /* ReadingHistoryEntry.swift */; };
		CB79768B4C635DCD4164AA09 /* TaxonomyModels.swift in Sources */ = {isa = PBXBuildFile; fileRef = 48CA9490CF4D55D71EDD2A15 /* TaxonomyModels.swift */; };
		CCC8365E667F068DDD2789AB /* ResearchNote.swift in Sources */ = {isa = PBXBuildFile; fileRef = 966DE5E70455BCC0D63965D4 /* ResearchNote.swift */; };
		D9AF6BC863B456A42E4CE42F /* ContentView.swift in Sources */ = {isa = PBXBuildFile; fileRef = B9B3538710154855A5E7E7D7 /* ContentView.swift */; };
		DCAADA810C1FCDA065DBE283 /* Project.swift in Sources */ = {isa = PBXBuildFile; fileRef = 9A3B4DDDD1E49D1C18217E20 /* Project.swift */; };
		DED22DC37C4A695AFB43CB11 /* SummarizationPrompt.swift in Sources */ = {isa = PBXBuildFile; fileRef = 1DB23FF6B4BC644BE0AE4E3C /* SummarizationPrompt.swift */; };
		E336CB3BC326A02994D0B575 /* manifest.json in Resources */ = {isa = PBXBuildFile; fileRef = F1D767EB095F342A813EA1D2 /* manifest.json */; };
		E51CC7B9013F273B4D128EB6 /* ManifestStore.swift in Sources */ = {isa = PBXBuildFile; fileRef = EF6D9F9B89D5BE4E65871429 /* ManifestStore.swift */; };
		E83FB53D20F4585C41AAAB73 /* SupportingTypes.swift in Sources */ = {isa = PBXBuildFile; fileRef = 8EF83222D48BD23EB6123B3E /* SupportingTypes.swift */; };
		EFD9C62455CC8C3876EE4B5E /* Localizable.strings in Resources */ = {isa = PBXBuildFile; fileRef = FF735149F415370F2B4A807F /* Localizable.strings */; };
		F38326ED7268F68B3EC17242 /* Localizable.strings in Resources */ = {isa = PBXBuildFile; fileRef = FF735149F415370F2B4A807F /* Localizable.strings */; };
		F80B3D8D9BBCFEDB3BA130EF /* ResearchNote.swift in Sources */ = {isa = PBXBuildFile; fileRef = 966DE5E70455BCC0D63965D4 /* ResearchNote.swift */; };
		FB68F396F2E101525612CB2D /* ModelContainer+FRUS.swift in Sources */ = {isa = PBXBuildFile; fileRef = 00BF8333DAB9C9E6D2B7B886 /* ModelContainer+FRUS.swift */; };
		FEB539CAABF37A5ED1E3A574 /* subject-appearances.json in Resources */ = {isa = PBXBuildFile; fileRef = 315FB3EB58D69FFBB9BC2C3C /* subject-appearances.json */; };
		AA10BB01CC03DD04EE100002 /* OnboardingViewModel.swift in Sources */ = {isa = PBXBuildFile; fileRef = AA10BB01CC03DD04EE100001 /* OnboardingViewModel.swift */; };
		AA10BB01CC03DD04EE100003 /* OnboardingViewModel.swift in Sources */ = {isa = PBXBuildFile; fileRef = AA10BB01CC03DD04EE100001 /* OnboardingViewModel.swift */; };
		AA10BB01CC03DD04EE100005 /* OnboardingView.swift in Sources */ = {isa = PBXBuildFile; fileRef = AA10BB01CC03DD04EE100004 /* OnboardingView.swift */; };
		AA10BB01CC03DD04EE100006 /* OnboardingView.swift in Sources */ = {isa = PBXBuildFile; fileRef = AA10BB01CC03DD04EE100004 /* OnboardingView.swift */; };
		AA10BB01CC03DD04EE100008 /* OnboardingIntroView.swift in Sources */ = {isa = PBXBuildFile; fileRef = AA10BB01CC03DD04EE100007 /* OnboardingIntroView.swift */; };
		AA10BB01CC03DD04EE100009 /* OnboardingIntroView.swift in Sources */ = {isa = PBXBuildFile; fileRef = AA10BB01CC03DD04EE100007 /* OnboardingIntroView.swift */; };
		AA10BB01CC03DD04EE100011 /* OnboardingVolumePickerView.swift in Sources */ = {isa = PBXBuildFile; fileRef = AA10BB01CC03DD04EE100010 /* OnboardingVolumePickerView.swift */; };
		AA10BB01CC03DD04EE100012 /* OnboardingVolumePickerView.swift in Sources */ = {isa = PBXBuildFile; fileRef = AA10BB01CC03DD04EE100010 /* OnboardingVolumePickerView.swift */; };
		AA10BB01CC03DD04EE100014 /* OnboardingDownloadView.swift in Sources */ = {isa = PBXBuildFile; fileRef = AA10BB01CC03DD04EE100013 /* OnboardingDownloadView.swift */; };
		AA10BB01CC03DD04EE100015 /* OnboardingDownloadView.swift in Sources */ = {isa = PBXBuildFile; fileRef = AA10BB01CC03DD04EE100013 /* OnboardingDownloadView.swift */; };
		AA10BB01CC03DD04EE100017 /* OnboardingProjectSetupView.swift in Sources */ = {isa = PBXBuildFile; fileRef = AA10BB01CC03DD04EE100016 /* OnboardingProjectSetupView.swift */; };
		AA10BB01CC03DD04EE100018 /* OnboardingProjectSetupView.swift in Sources */ = {isa = PBXBuildFile; fileRef = AA10BB01CC03DD04EE100016 /* OnboardingProjectSetupView.swift */; };
		AA10BB01CC03DD04EE100020 /* OnboardingPromptSetupView.swift in Sources */ = {isa = PBXBuildFile; fileRef = AA10BB01CC03DD04EE100019 /* OnboardingPromptSetupView.swift */; };
		AA10BB01CC03DD04EE100021 /* OnboardingPromptSetupView.swift in Sources */ = {isa = PBXBuildFile; fileRef = AA10BB01CC03DD04EE100019 /* OnboardingPromptSetupView.swift */; };
		AA10BB01CC03DD04EE100023 /* OnboardingTests.swift in Sources */ = {isa = PBXBuildFile; fileRef = AA10BB01CC03DD04EE100022 /* OnboardingTests.swift */; };
		AA11BB01CC03DD04EE1102 /* VolumeStructure.swift in Sources */ = {isa = PBXBuildFile; fileRef = AA11BB01CC03DD04EE1101 /* VolumeStructure.swift */; };
		AA11BB01CC03DD04EE1103 /* VolumeStructure.swift in Sources */ = {isa = PBXBuildFile; fileRef = AA11BB01CC03DD04EE1101 /* VolumeStructure.swift */; };
		AA11BB01CC03DD04EE1105 /* BrowserViewModel.swift in Sources */ = {isa = PBXBuildFile; fileRef = AA11BB01CC03DD04EE1104 /* BrowserViewModel.swift */; };
		AA11BB01CC03DD04EE1106 /* BrowserViewModel.swift in Sources */ = {isa = PBXBuildFile; fileRef = AA11BB01CC03DD04EE1104 /* BrowserViewModel.swift */; };
		AA11BB01CC03DD04EE1108 /* BrowserView.swift in Sources */ = {isa = PBXBuildFile; fileRef = AA11BB01CC03DD04EE1107 /* BrowserView.swift */; };
		AA11BB01CC03DD04EE1109 /* BrowserView.swift in Sources */ = {isa = PBXBuildFile; fileRef = AA11BB01CC03DD04EE1107 /* BrowserView.swift */; };
		AA11BB01CC03DD04EE1111 /* CorpusView.swift in Sources */ = {isa = PBXBuildFile; fileRef = AA11BB01CC03DD04EE1110 /* CorpusView.swift */; };
		AA11BB01CC03DD04EE1112 /* CorpusView.swift in Sources */ = {isa = PBXBuildFile; fileRef = AA11BB01CC03DD04EE1110 /* CorpusView.swift */; };
		AA11BB01CC03DD04EE1114 /* SubseriesView.swift in Sources */ = {isa = PBXBuildFile; fileRef = AA11BB01CC03DD04EE1113 /* SubseriesView.swift */; };
		AA11BB01CC03DD04EE1115 /* SubseriesView.swift in Sources */ = {isa = PBXBuildFile; fileRef = AA11BB01CC03DD04EE1113 /* SubseriesView.swift */; };
		AA11BB01CC03DD04EE1117 /* VolumeView.swift in Sources */ = {isa = PBXBuildFile; fileRef = AA11BB01CC03DD04EE1116 /* VolumeView.swift */; };
		AA11BB01CC03DD04EE1118 /* VolumeView.swift in Sources */ = {isa = PBXBuildFile; fileRef = AA11BB01CC03DD04EE1116 /* VolumeView.swift */; };
		AA11BB01CC03DD04EE1120 /* CompilationView.swift in Sources */ = {isa = PBXBuildFile; fileRef = AA11BB01CC03DD04EE1119 /* CompilationView.swift */; };
		AA11BB01CC03DD04EE1121 /* CompilationView.swift in Sources */ = {isa = PBXBuildFile; fileRef = AA11BB01CC03DD04EE1119 /* CompilationView.swift */; };
		AA11BB01CC03DD04EE1123 /* BrowserViewTests.swift in Sources */ = {isa = PBXBuildFile; fileRef = AA11BB01CC03DD04EE1122 /* BrowserViewTests.swift */; };
		AA12BB01CC03DD04EE1202 /* DocumentViewModel.swift in Sources */ = {isa = PBXBuildFile; fileRef = AA12BB01CC03DD04EE1201 /* DocumentViewModel.swift */; };
		AA12BB01CC03DD04EE1203 /* DocumentViewModel.swift in Sources */ = {isa = PBXBuildFile; fileRef = AA12BB01CC03DD04EE1201 /* DocumentViewModel.swift */; };
		AA12BB01CC03DD04EE1205 /* DocumentView.swift in Sources */ = {isa = PBXBuildFile; fileRef = AA12BB01CC03DD04EE1204 /* DocumentView.swift */; };
		AA12BB01CC03DD04EE1206 /* DocumentView.swift in Sources */ = {isa = PBXBuildFile; fileRef = AA12BB01CC03DD04EE1204 /* DocumentView.swift */; };
		AA12BB01CC03DD04EE1208 /* DocumentViewTests.swift in Sources */ = {isa = PBXBuildFile; fileRef = AA12BB01CC03DD04EE1207 /* DocumentViewTests.swift */; };
/* End PBXBuildFile section */

/* Begin PBXContainerItemProxy section */
		8F7E5E49913F74DBE255BD1C /* PBXContainerItemProxy */ = {
			isa = PBXContainerItemProxy;
			containerPortal = CE51A6E8E079D586CF706A88 /* Project object */;
			proxyType = 1;
			remoteGlobalIDString = 9550E519E264B17E684E4D82;
			remoteInfo = FRUSExplorer;
		};
		A1CB0F03A1129CE81BBC03A0 /* PBXContainerItemProxy */ = {
			isa = PBXContainerItemProxy;
			containerPortal = CE51A6E8E079D586CF706A88 /* Project object */;
			proxyType = 1;
			remoteGlobalIDString = 9550E519E264B17E684E4D82;
			remoteInfo = FRUSExplorer;
		};
/* End PBXContainerItemProxy section */

/* Begin PBXFileReference section */
		00BF8333DAB9C9E6D2B7B886 /* ModelContainer+FRUS.swift */ = {isa = PBXFileReference; includeInIndex = 1; lastKnownFileType = sourcecode.swift; path = "ModelContainer+FRUS.swift"; sourceTree = "<group>"; };
		AA01BB02CC03DD04EE050001 /* DownloadModels.swift */ = {isa = PBXFileReference; includeInIndex = 1; lastKnownFileType = sourcecode.swift; path = DownloadModels.swift; sourceTree = "<group>"; };
		AA01BB02CC03DD04EE050002 /* DownloadManager.swift */ = {isa = PBXFileReference; includeInIndex = 1; lastKnownFileType = sourcecode.swift; path = DownloadManager.swift; sourceTree = "<group>"; };
		AA01BB02CC03DD04EE050003 /* DownloadManagerTests.swift */ = {isa = PBXFileReference; includeInIndex = 1; lastKnownFileType = sourcecode.swift; path = DownloadManagerTests.swift; sourceTree = "<group>"; };
		AA06BB02CC03DD04EE060001 /* FRUSASTNode.swift */ = {isa = PBXFileReference; includeInIndex = 1; lastKnownFileType = sourcecode.swift; path = FRUSASTNode.swift; sourceTree = "<group>"; };
		AA06BB02CC03DD04EE060002 /* FRUSDocumentParser.swift */ = {isa = PBXFileReference; includeInIndex = 1; lastKnownFileType = sourcecode.swift; path = FRUSDocumentParser.swift; sourceTree = "<group>"; };
		AA06BB02CC03DD04EE060003 /* TEIRenderingConfig.swift */ = {isa = PBXFileReference; includeInIndex = 1; lastKnownFileType = sourcecode.swift; path = TEIRenderingConfig.swift; sourceTree = "<group>"; };
		AA06BB02CC03DD04EE060004 /* FRUSRenderNode.swift */ = {isa = PBXFileReference; includeInIndex = 1; lastKnownFileType = sourcecode.swift; path = FRUSRenderNode.swift; sourceTree = "<group>"; };
		AA06BB02CC03DD04EE060005 /* ASTToRenderNodeConverter.swift */ = {isa = PBXFileReference; includeInIndex = 1; lastKnownFileType = sourcecode.swift; path = ASTToRenderNodeConverter.swift; sourceTree = "<group>"; };
		AA06BB02CC03DD04EE060006 /* FRUSDocumentRenderer.swift */ = {isa = PBXFileReference; includeInIndex = 1; lastKnownFileType = sourcecode.swift; path = FRUSDocumentRenderer.swift; sourceTree = "<group>"; };
		AA06BB02CC03DD04EE060007 /* TEIParserTests.swift */ = {isa = PBXFileReference; includeInIndex = 1; lastKnownFileType = sourcecode.swift; path = TEIParserTests.swift; sourceTree = "<group>"; };
		AA07BB02CC03DD04EE070002 /* FRUSParserSession07Tests.swift */ = {isa = PBXFileReference; includeInIndex = 1; lastKnownFileType = sourcecode.swift; path = FRUSParserSession07Tests.swift; sourceTree = "<group>"; };
		AA08BB02CC03DD04EE080003 /* SubjectTagStore.swift */ = {isa = PBXFileReference; includeInIndex = 1; lastKnownFileType = sourcecode.swift; path = SubjectTagStore.swift; sourceTree = "<group>"; };
		AA08BB02CC03DD04EE080005 /* SubjectTagStoreTests.swift */ = {isa = PBXFileReference; includeInIndex = 1; lastKnownFileType = sourcecode.swift; path = SubjectTagStoreTests.swift; sourceTree = "<group>"; };
		AA09BB02CC03DD04EE090003 /* SearchModels.swift */ = {isa = PBXFileReference; includeInIndex = 1; lastKnownFileType = sourcecode.swift; path = SearchModels.swift; sourceTree = "<group>"; };
		AA09BB02CC03DD04EE090006 /* IndexingPipeline.swift */ = {isa = PBXFileReference; includeInIndex = 1; lastKnownFileType = sourcecode.swift; path = IndexingPipeline.swift; sourceTree = "<group>"; };
		AA09BB02CC03DD04EE090009 /* SearchService.swift */ = {isa = PBXFileReference; includeInIndex = 1; lastKnownFileType = sourcecode.swift; path = SearchService.swift; sourceTree = "<group>"; };
		AA09BB02CC03DD04EE090011 /* IndexingPipelineTests.swift */ = {isa = PBXFileReference; includeInIndex = 1; lastKnownFileType = sourcecode.swift; path = IndexingPipelineTests.swift; sourceTree = "<group>"; };
		AA09BB02CC03DD04EE09F007 /* FTS5Store.swift */ = {isa = PBXFileReference; includeInIndex = 1; lastKnownFileType = sourcecode.swift; path = FTS5Store.swift; sourceTree = "<group>"; };
		AA09BB02CC03DD04EE09F008 /* FTS5Query.swift */ = {isa = PBXFileReference; includeInIndex = 1; lastKnownFileType = sourcecode.swift; path = FTS5Query.swift; sourceTree = "<group>"; };
		AA09BB02CC03DD04EE09F009 /* FTS5Types.swift */ = {isa = PBXFileReference; includeInIndex = 1; lastKnownFileType = sourcecode.swift; path = FTS5Types.swift; sourceTree = "<group>"; };
		AA09BB02CC03DD04EE09F011 /* FTS5Errors.swift */ = {isa = PBXFileReference; includeInIndex = 1; lastKnownFileType = sourcecode.swift; path = FTS5Errors.swift; sourceTree = "<group>"; };
		AA09BB02CC03DD04EE09F014 /* FTS5Tokenizer.swift */ = {isa = PBXFileReference; includeInIndex = 1; lastKnownFileType = sourcecode.swift; path = FTS5Tokenizer.swift; sourceTree = "<group>"; };
		AA09BB02CC03DD04EE09F017 /* FTS5Connection.swift */ = {isa = PBXFileReference; includeInIndex = 1; lastKnownFileType = sourcecode.swift; path = FTS5Connection.swift; sourceTree = "<group>"; };
		AA06BB02CC03DD04EE060008 /* tei-rendering-config.json */ = {isa = PBXFileReference; includeInIndex = 1; lastKnownFileType = text.json; path = "tei-rendering-config.json"; sourceTree = "<group>"; };
		12AD9CC40627F7281D079B75 /* SwiftDataModelTests.swift */ = {isa = PBXFileReference; includeInIndex = 1; lastKnownFileType = sourcecode.swift; path = SwiftDataModelTests.swift; sourceTree = "<group>"; };
		138DA99A6075C0CE20F88129 /* KeychainStoreTests.swift */ = {isa = PBXFileReference; includeInIndex = 1; lastKnownFileType = sourcecode.swift; path = KeychainStoreTests.swift; sourceTree = "<group>"; };
		193C4CF80DBD95F6B2257B5F /* KeychainStore.swift */ = {isa = PBXFileReference; includeInIndex = 1; lastKnownFileType = sourcecode.swift; path = KeychainStore.swift; sourceTree = "<group>"; };
		1DB23FF6B4BC644BE0AE4E3C /* SummarizationPrompt.swift */ = {isa = PBXFileReference; includeInIndex = 1; lastKnownFileType = sourcecode.swift; path = SummarizationPrompt.swift; sourceTree = "<group>"; };
		260C0AE4446F8B084B284A5D /* ManifestStoreTests.swift */ = {isa = PBXFileReference; lastKnownFileType = sourcecode.swift; path = ManifestStoreTests.swift; sourceTree = "<group>"; };
		29459906A446E922051D111D /* ManifestModels.swift */ = {isa = PBXFileReference; lastKnownFileType = sourcecode.swift; path = ManifestModels.swift; sourceTree = "<group>"; };
		315FB3EB58D69FFBB9BC2C3C /* subject-appearances.json */ = {isa = PBXFileReference; lastKnownFileType = text.json; path = "subject-appearances.json"; sourceTree = "<group>"; };
		34E0D9272977D9EFB4A94EE1 /* FRUSExplorerTests.xctest */ = {isa = PBXFileReference; includeInIndex = 0; lastKnownFileType = wrapper.cfbundle; path = FRUSExplorerTests.xctest; sourceTree = BUILT_PRODUCTS_DIR; };
		3BD1B9BB52B39A607932B080 /* AppStateTests.swift */ = {isa = PBXFileReference; lastKnownFileType = sourcecode.swift; path = AppStateTests.swift; sourceTree = "<group>"; };
		3C76858EB2BD9B44B3BF02F4 /* FRUSExplorer.app */ = {isa = PBXFileReference; includeInIndex = 0; lastKnownFileType = wrapper.application; path = FRUSExplorer.app; sourceTree = BUILT_PRODUCTS_DIR; };
		48CA9490CF4D55D71EDD2A15 /* TaxonomyModels.swift */ = {isa = PBXFileReference; lastKnownFileType = sourcecode.swift; path = TaxonomyModels.swift; sourceTree = "<group>"; };
		5060E9B8DA5B24A97D247999 /* ResponseFormatCodingTests.swift */ = {isa = PBXFileReference; includeInIndex = 1; lastKnownFileType = sourcecode.swift; path = ResponseFormatCodingTests.swift; sourceTree = "<group>"; };
		5F862248B58178F5619CFDC6 /* AppState.swift */ = {isa = PBXFileReference; lastKnownFileType = sourcecode.swift; path = AppState.swift; sourceTree = "<group>"; };
		75C2EA99F31B567DF13DBEFC /* FRUSExplorerUITests.swift */ = {isa = PBXFileReference; lastKnownFileType = sourcecode.swift; path = FRUSExplorerUITests.swift; sourceTree = "<group>"; };
		805A3A8F83E1102E00B2D12C /* VolumeLevelTagStore.swift */ = {isa = PBXFileReference; lastKnownFileType = sourcecode.swift; path = VolumeLevelTagStore.swift; sourceTree = "<group>"; };
		836BC9B536D70E5FAD237CA0 /* ReadingHistoryEntry.swift */ = {isa = PBXFileReference; includeInIndex = 1; lastKnownFileType = sourcecode.swift; path = ReadingHistoryEntry.swift; sourceTree = "<group>"; };
		8594AC1182F22F5C159A8576 /* FRUSExplorer-DirectDistribution.entitlements */ = {isa = PBXFileReference; lastKnownFileType = text.plist.entitlements; path = "FRUSExplorer-DirectDistribution.entitlements"; sourceTree = "<group>"; };
		8EF83222D48BD23EB6123B3E /* SupportingTypes.swift */ = {isa = PBXFileReference; includeInIndex = 1; lastKnownFileType = sourcecode.swift; path = SupportingTypes.swift; sourceTree = "<group>"; };
		966DE5E70455BCC0D63965D4 /* ResearchNote.swift */ = {isa = PBXFileReference; includeInIndex = 1; lastKnownFileType = sourcecode.swift; path = ResearchNote.swift; sourceTree = "<group>"; };
		9871A159779B05DF3DAD1E9E /* GeneratedSummary.swift */ = {isa = PBXFileReference; includeInIndex = 1; lastKnownFileType = sourcecode.swift; path = GeneratedSummary.swift; sourceTree = "<group>"; };
		9A3B4DDDD1E49D1C18217E20 /* Project.swift */ = {isa = PBXFileReference; includeInIndex = 1; lastKnownFileType = sourcecode.swift; path = Project.swift; sourceTree = "<group>"; };
		9F7E01503E7FB6E36E80C165 /* FRUSExplorer-AppStore.entitlements */ = {isa = PBXFileReference; lastKnownFileType = text.plist.entitlements; path = "FRUSExplorer-AppStore.entitlements"; sourceTree = "<group>"; };
		A64B4DAD6C89EFA87310EC25 /* FRUSExplorerMac.app */ = {isa = PBXFileReference; explicitFileType = wrapper.application; includeInIndex = 0; path = FRUSExplorerMac.app; sourceTree = BUILT_PRODUCTS_DIR; };
		B9B3538710154855A5E7E7D7 /* ContentView.swift */ = {isa = PBXFileReference; lastKnownFileType = sourcecode.swift; path = ContentView.swift; sourceTree = "<group>"; };
		C0114AD73FF8B5C9D0446099 /* EntitlementsTests.swift */ = {isa = PBXFileReference; lastKnownFileType = sourcecode.swift; path = EntitlementsTests.swift; sourceTree = "<group>"; };
		CFD448362EA354DDBDF78A63 /* Collection.swift */ = {isa = PBXFileReference; includeInIndex = 1; lastKnownFileType = sourcecode.swift; path = Collection.swift; sourceTree = "<group>"; };
		D4DF72C3D865EA2920533346 /* UserTag.swift */ = {isa = PBXFileReference; includeInIndex = 1; lastKnownFileType = sourcecode.swift; path = UserTag.swift; sourceTree = "<group>"; };
		D707625BB386335733C8C9E5 /* FRUSExplorerUITests.xctest */ = {isa = PBXFileReference; includeInIndex = 0; lastKnownFileType = wrapper.cfbundle; path = FRUSExplorerUITests.xctest; sourceTree = BUILT_PRODUCTS_DIR; };
		DF634FC412DCC8BBEDBFD194 /* TestBundleBridge.swift */ = {isa = PBXFileReference; lastKnownFileType = sourcecode.swift; path = TestBundleBridge.swift; sourceTree = "<group>"; };
		EB77D8370C7DDB536231B9E0 /* FRUSExplorerApp.swift */ = {isa = PBXFileReference; lastKnownFileType = sourcecode.swift; path = FRUSExplorerApp.swift; sourceTree = "<group>"; };
		EC5C8DCD8DD7D1CB8A6B20E2 /* taxonomy.json */ = {isa = PBXFileReference; lastKnownFileType = text.json; path = taxonomy.json; sourceTree = "<group>"; };
		EF6D9F9B89D5BE4E65871429 /* ManifestStore.swift */ = {isa = PBXFileReference; lastKnownFileType = sourcecode.swift; path = ManifestStore.swift; sourceTree = "<group>"; };
		F1D767EB095F342A813EA1D2 /* manifest.json */ = {isa = PBXFileReference; lastKnownFileType = text.json; path = manifest.json; sourceTree = "<group>"; };
		F34208BE1028E5D565589526 /* volume-tag-taxonomy.json */ = {isa = PBXFileReference; lastKnownFileType = text.json; path = "volume-tag-taxonomy.json"; sourceTree = "<group>"; };
		FF735149F415370F2B4A807F /* Localizable.strings */ = {isa = PBXFileReference; lastKnownFileType = text.plist.strings; path = Localizable.strings; sourceTree = "<group>"; };
		AA10BB01CC03DD04EE100001 /* OnboardingViewModel.swift */ = {isa = PBXFileReference; includeInIndex = 1; lastKnownFileType = sourcecode.swift; path = OnboardingViewModel.swift; sourceTree = "<group>"; };
		AA10BB01CC03DD04EE100004 /* OnboardingView.swift */ = {isa = PBXFileReference; includeInIndex = 1; lastKnownFileType = sourcecode.swift; path = OnboardingView.swift; sourceTree = "<group>"; };
		AA10BB01CC03DD04EE100007 /* OnboardingIntroView.swift */ = {isa = PBXFileReference; includeInIndex = 1; lastKnownFileType = sourcecode.swift; path = OnboardingIntroView.swift; sourceTree = "<group>"; };
		AA10BB01CC03DD04EE100010 /* OnboardingVolumePickerView.swift */ = {isa = PBXFileReference; includeInIndex = 1; lastKnownFileType = sourcecode.swift; path = OnboardingVolumePickerView.swift; sourceTree = "<group>"; };
		AA10BB01CC03DD04EE100013 /* OnboardingDownloadView.swift */ = {isa = PBXFileReference; includeInIndex = 1; lastKnownFileType = sourcecode.swift; path = OnboardingDownloadView.swift; sourceTree = "<group>"; };
		AA10BB01CC03DD04EE100016 /* OnboardingProjectSetupView.swift */ = {isa = PBXFileReference; includeInIndex = 1; lastKnownFileType = sourcecode.swift; path = OnboardingProjectSetupView.swift; sourceTree = "<group>"; };
		AA10BB01CC03DD04EE100019 /* OnboardingPromptSetupView.swift */ = {isa = PBXFileReference; includeInIndex = 1; lastKnownFileType = sourcecode.swift; path = OnboardingPromptSetupView.swift; sourceTree = "<group>"; };
		AA10BB01CC03DD04EE100022 /* OnboardingTests.swift */ = {isa = PBXFileReference; includeInIndex = 1; lastKnownFileType = sourcecode.swift; path = OnboardingTests.swift; sourceTree = "<group>"; };
		AA11BB01CC03DD04EE1101 /* VolumeStructure.swift */ = {isa = PBXFileReference; includeInIndex = 1; lastKnownFileType = sourcecode.swift; path = VolumeStructure.swift; sourceTree = "<group>"; };
		AA11BB01CC03DD04EE1104 /* BrowserViewModel.swift */ = {isa = PBXFileReference; includeInIndex = 1; lastKnownFileType = sourcecode.swift; path = BrowserViewModel.swift; sourceTree = "<group>"; };
		AA11BB01CC03DD04EE1107 /* BrowserView.swift */ = {isa = PBXFileReference; includeInIndex = 1; lastKnownFileType = sourcecode.swift; path = BrowserView.swift; sourceTree = "<group>"; };
		AA11BB01CC03DD04EE1110 /* CorpusView.swift */ = {isa = PBXFileReference; includeInIndex = 1; lastKnownFileType = sourcecode.swift; path = CorpusView.swift; sourceTree = "<group>"; };
		AA11BB01CC03DD04EE1113 /* SubseriesView.swift */ = {isa = PBXFileReference; includeInIndex = 1; lastKnownFileType = sourcecode.swift; path = SubseriesView.swift; sourceTree = "<group>"; };
		AA11BB01CC03DD04EE1116 /* VolumeView.swift */ = {isa = PBXFileReference; includeInIndex = 1; lastKnownFileType = sourcecode.swift; path = VolumeView.swift; sourceTree = "<group>"; };
		AA11BB01CC03DD04EE1119 /* CompilationView.swift */ = {isa = PBXFileReference; includeInIndex = 1; lastKnownFileType = sourcecode.swift; path = CompilationView.swift; sourceTree = "<group>"; };
		AA11BB01CC03DD04EE1122 /* BrowserViewTests.swift */ = {isa = PBXFileReference; includeInIndex = 1; lastKnownFileType = sourcecode.swift; path = BrowserViewTests.swift; sourceTree = "<group>"; };
		AA12BB01CC03DD04EE1201 /* DocumentViewModel.swift */ = {isa = PBXFileReference; includeInIndex = 1; lastKnownFileType = sourcecode.swift; path = DocumentViewModel.swift; sourceTree = "<group>"; };
		AA12BB01CC03DD04EE1204 /* DocumentView.swift */ = {isa = PBXFileReference; includeInIndex = 1; lastKnownFileType = sourcecode.swift; path = DocumentView.swift; sourceTree = "<group>"; };
		AA12BB01CC03DD04EE1207 /* DocumentViewTests.swift */ = {isa = PBXFileReference; includeInIndex = 1; lastKnownFileType = sourcecode.swift; path = DocumentViewTests.swift; sourceTree = "<group>"; };
/* End PBXFileReference section */

/* Begin PBXFrameworksBuildPhase section */
		728DE2A4556FE4DE4A01DD9F /* Frameworks */ = {
			isa = PBXFrameworksBuildPhase;
			buildActionMask = 2147483647;
			files = (
				40FCDBF62C82994384DD19A1 /* Sparkle in Frameworks */,
			);
			runOnlyForDeploymentPostprocessing = 0;
		};
/* End PBXFrameworksBuildPhase section */

/* Begin PBXGroup section */
		2B4B2ACB153E004A64D118C0 /* Support */ = {
			isa = PBXGroup;
			children = (
				DF634FC412DCC8BBEDBFD194 /* TestBundleBridge.swift */,
			);
			path = Support;
			sourceTree = "<group>";
		};
		63390DD720E0A093134DBA47 /* App */ = {
			isa = PBXGroup;
			children = (
				5F862248B58178F5619CFDC6 /* AppState.swift */,
				B9B3538710154855A5E7E7D7 /* ContentView.swift */,
				EB77D8370C7DDB536231B9E0 /* FRUSExplorerApp.swift */,
			);
			path = App;
			sourceTree = "<group>";
		};
		7531CB8B25CB6A248FA15108 /* FRUSExplorerUITests */ = {
			isa = PBXGroup;
			children = (
				75C2EA99F31B567DF13DBEFC /* FRUSExplorerUITests.swift */,
			);
			path = FRUSExplorerUITests;
			sourceTree = "<group>";
		};
		76BF97412B6E3EE7EBFDAD0C /* Products */ = {
			isa = PBXGroup;
			children = (
				3C76858EB2BD9B44B3BF02F4 /* FRUSExplorer.app */,
				A64B4DAD6C89EFA87310EC25 /* FRUSExplorerMac.app */,
				34E0D9272977D9EFB4A94EE1 /* FRUSExplorerTests.xctest */,
				D707625BB386335733C8C9E5 /* FRUSExplorerUITests.xctest */,
			);
			name = Products;
			sourceTree = "<group>";
		};
		8BF0ACF1AB0D743F17D329E9 /* Manifest */ = {
			isa = PBXGroup;
			children = (
				29459906A446E922051D111D /* ManifestModels.swift */,
				EF6D9F9B89D5BE4E65871429 /* ManifestStore.swift */,
			);
			path = Manifest;
			sourceTree = "<group>";
		};
		AA01BB02CC03DD04EE050004 /* Downloads */ = {
			isa = PBXGroup;
			children = (
				AA01BB02CC03DD04EE050001 /* DownloadModels.swift */,
				AA01BB02CC03DD04EE050002 /* DownloadManager.swift */,
			);
			path = Downloads;
			sourceTree = "<group>";
		};
		AA06BB02CC03DD04EE060009 /* TEI */ = {
			isa = PBXGroup;
			children = (
				AA06BB02CC03DD04EE060001 /* FRUSASTNode.swift */,
				AA06BB02CC03DD04EE060002 /* FRUSDocumentParser.swift */,
				AA06BB02CC03DD04EE060003 /* TEIRenderingConfig.swift */,
				AA06BB02CC03DD04EE060004 /* FRUSRenderNode.swift */,
				AA06BB02CC03DD04EE060005 /* ASTToRenderNodeConverter.swift */,
				AA06BB02CC03DD04EE060006 /* FRUSDocumentRenderer.swift */,
			);
			path = TEI;
			sourceTree = "<group>";
		};
		8DDAF5D0CDD9AADCADEB1FAB /* FRUSExplorerTests */ = {
			isa = PBXGroup;
			children = (
				2B4B2ACB153E004A64D118C0 /* Support */,
				3BD1B9BB52B39A607932B080 /* AppStateTests.swift */,
				C0114AD73FF8B5C9D0446099 /* EntitlementsTests.swift */,
				260C0AE4446F8B084B284A5D /* ManifestStoreTests.swift */,
				12AD9CC40627F7281D079B75 /* SwiftDataModelTests.swift */,
				5060E9B8DA5B24A97D247999 /* ResponseFormatCodingTests.swift */,
				138DA99A6075C0CE20F88129 /* KeychainStoreTests.swift */,
				AA01BB02CC03DD04EE050003 /* DownloadManagerTests.swift */,
				AA06BB02CC03DD04EE060007 /* TEIParserTests.swift */,
				AA07BB02CC03DD04EE070002 /* FRUSParserSession07Tests.swift */,
				AA08BB02CC03DD04EE080005 /* SubjectTagStoreTests.swift */,
				AA09BB02CC03DD04EE090011 /* IndexingPipelineTests.swift */,
				AA10BB01CC03DD04EE100022 /* OnboardingTests.swift */,
				AA11BB01CC03DD04EE1122 /* BrowserViewTests.swift */,
				AA12BB01CC03DD04EE1207 /* DocumentViewTests.swift */,
			);
			path = FRUSExplorerTests;
			sourceTree = "<group>";
		};
		AD1071649D3012380A19030B /* Resources */ = {
			isa = PBXGroup;
			children = (
				F1D767EB095F342A813EA1D2 /* manifest.json */,
				315FB3EB58D69FFBB9BC2C3C /* subject-appearances.json */,
				EC5C8DCD8DD7D1CB8A6B20E2 /* taxonomy.json */,
				F34208BE1028E5D565589526 /* volume-tag-taxonomy.json */,
				AA06BB02CC03DD04EE060008 /* tei-rendering-config.json */,
			);
			path = Resources;
			sourceTree = "<group>";
		};
		DB950DA0730BD2427F10A285 = {
			isa = PBXGroup;
			children = (
				DE7C0106CA6DF17ED53B284E /* FRUSExplorer */,
				8DDAF5D0CDD9AADCADEB1FAB /* FRUSExplorerTests */,
				7531CB8B25CB6A248FA15108 /* FRUSExplorerUITests */,
				76BF97412B6E3EE7EBFDAD0C /* Products */,
			);
			sourceTree = "<group>";
		};
		DE7C0106CA6DF17ED53B284E /* FRUSExplorer */ = {
			isa = PBXGroup;
			children = (
				63390DD720E0A093134DBA47 /* App */,
				AA01BB02CC03DD04EE050004 /* Downloads */,
				EB3D26757D1E60EB072F06EC /* Models */,
				AA09BB02CC03DD04EE09F000 /* FTS5Store */,
				AA09BB02CC03DD04EE090012 /* Search */,
				AA10BB01CC03DD04EE100000 /* Onboarding */,
				AA11BB01CC03DD04EE1100 /* Browser */,
				AA12BB01CC03DD04EE1200 /* DocumentView */,
				AA06BB02CC03DD04EE060009 /* TEI */,
				AD1071649D3012380A19030B /* Resources */,
				9F7E01503E7FB6E36E80C165 /* FRUSExplorer-AppStore.entitlements */,
				8594AC1182F22F5C159A8576 /* FRUSExplorer-DirectDistribution.entitlements */,
				FF735149F415370F2B4A807F /* Localizable.strings */,
			);
			path = FRUSExplorer;
			sourceTree = "<group>";
		};
		AA09BB02CC03DD04EE09F000 /* FTS5Store */ = {
			isa = PBXGroup;
			children = (
				AA09BB02CC03DD04EE09F017 /* FTS5Connection.swift */,
				AA09BB02CC03DD04EE09F011 /* FTS5Errors.swift */,
				AA09BB02CC03DD04EE09F008 /* FTS5Query.swift */,
				AA09BB02CC03DD04EE09F007 /* FTS5Store.swift */,
				AA09BB02CC03DD04EE09F014 /* FTS5Tokenizer.swift */,
				AA09BB02CC03DD04EE09F009 /* FTS5Types.swift */,
			);
			name = FTS5Store;
			path = FTS5Store;
			sourceTree = SOURCE_ROOT;
		};
		AA09BB02CC03DD04EE090012 /* Search */ = {
			isa = PBXGroup;
			children = (
				AA09BB02CC03DD04EE090003 /* SearchModels.swift */,
				AA09BB02CC03DD04EE090006 /* IndexingPipeline.swift */,
				AA09BB02CC03DD04EE090009 /* SearchService.swift */,
			);
			path = Search;
			sourceTree = "<group>";
		};
		AA10BB01CC03DD04EE100000 /* Onboarding */ = {
			isa = PBXGroup;
			children = (
				AA10BB01CC03DD04EE100001 /* OnboardingViewModel.swift */,
				AA10BB01CC03DD04EE100004 /* OnboardingView.swift */,
				AA10BB01CC03DD04EE100007 /* OnboardingIntroView.swift */,
				AA10BB01CC03DD04EE100010 /* OnboardingVolumePickerView.swift */,
				AA10BB01CC03DD04EE100013 /* OnboardingDownloadView.swift */,
				AA10BB01CC03DD04EE100016 /* OnboardingProjectSetupView.swift */,
				AA10BB01CC03DD04EE100019 /* OnboardingPromptSetupView.swift */,
			);
			path = Onboarding;
			sourceTree = "<group>";
		};
		AA11BB01CC03DD04EE1100 /* Browser */ = {
			isa = PBXGroup;
			children = (
				AA11BB01CC03DD04EE1101 /* VolumeStructure.swift */,
				AA11BB01CC03DD04EE1104 /* BrowserViewModel.swift */,
				AA11BB01CC03DD04EE1107 /* BrowserView.swift */,
				AA11BB01CC03DD04EE1110 /* CorpusView.swift */,
				AA11BB01CC03DD04EE1113 /* SubseriesView.swift */,
				AA11BB01CC03DD04EE1116 /* VolumeView.swift */,
				AA11BB01CC03DD04EE1119 /* CompilationView.swift */,
			);
			path = Browser;
			sourceTree = "<group>";
		};
		AA12BB01CC03DD04EE1200 /* DocumentView */ = {
			isa = PBXGroup;
			children = (
				AA12BB01CC03DD04EE1201 /* DocumentViewModel.swift */,
				AA12BB01CC03DD04EE1204 /* DocumentView.swift */,
			);
			path = DocumentView;
			sourceTree = "<group>";
		};
		E5B6F78728D4945C82785AB6 /* Tags */ = {
			isa = PBXGroup;
			children = (
				48CA9490CF4D55D71EDD2A15 /* TaxonomyModels.swift */,
				805A3A8F83E1102E00B2D12C /* VolumeLevelTagStore.swift */,
				AA08BB02CC03DD04EE080003 /* SubjectTagStore.swift */,
			);
			path = Tags;
			sourceTree = "<group>";
		};
		EB3D26757D1E60EB072F06EC /* Models */ = {
			isa = PBXGroup;
			children = (
				8BF0ACF1AB0D743F17D329E9 /* Manifest */,
				E5B6F78728D4945C82785AB6 /* Tags */,
				8EF83222D48BD23EB6123B3E /* SupportingTypes.swift */,
				9A3B4DDDD1E49D1C18217E20 /* Project.swift */,
				966DE5E70455BCC0D63965D4 /* ResearchNote.swift */,
				9871A159779B05DF3DAD1E9E /* GeneratedSummary.swift */,
				D4DF72C3D865EA2920533346 /* UserTag.swift */,
				CFD448362EA354DDBDF78A63 /* Collection.swift */,
				836BC9B536D70E5FAD237CA0 /* ReadingHistoryEntry.swift */,
				1DB23FF6B4BC644BE0AE4E3C /* SummarizationPrompt.swift */,
				00BF8333DAB9C9E6D2B7B886 /* ModelContainer+FRUS.swift */,
				193C4CF80DBD95F6B2257B5F /* KeychainStore.swift */,
			);
			path = Models;
			sourceTree = "<group>";
		};
/* End PBXGroup section */

/* Begin PBXNativeTarget section */
		500BB0630C406B4B416A0344 /* FRUSExplorerUITests */ = {
			isa = PBXNativeTarget;
			buildConfigurationList = 10A50659E98BD81869CAA5AC /* Build configuration list for PBXNativeTarget "FRUSExplorerUITests" */;
			buildPhases = (
				051D680A326C8C05309DAB90 /* Sources */,
			);
			buildRules = (
			);
			dependencies = (
				95B35C975C6A7A30D885889C /* PBXTargetDependency */,
			);
			name = FRUSExplorerUITests;
			productName = FRUSExplorerUITests;
			productReference = D707625BB386335733C8C9E5 /* FRUSExplorerUITests.xctest */;
			productType = "com.apple.product-type.bundle.ui-testing";
		};
		907E5297F9410AF667F66CFD /* FRUSExplorerTests */ = {
			isa = PBXNativeTarget;
			buildConfigurationList = 581C2BCCA94FA8CA69C0A131 /* Build configuration list for PBXNativeTarget "FRUSExplorerTests" */;
			buildPhases = (
				EF95BF473A92CAA032FD461E /* Sources */,
			);
			buildRules = (
			);
			dependencies = (
				29A0C67EB23E03FC71D3C3BD /* PBXTargetDependency */,
			);
			name = FRUSExplorerTests;
			productName = FRUSExplorerTests;
			productReference = 34E0D9272977D9EFB4A94EE1 /* FRUSExplorerTests.xctest */;
			productType = "com.apple.product-type.bundle.unit-test";
		};
		9550E519E264B17E684E4D82 /* FRUSExplorer */ = {
			isa = PBXNativeTarget;
			buildConfigurationList = 8E0C2DFAA2B0BFEECA8DBEBC /* Build configuration list for PBXNativeTarget "FRUSExplorer" */;
			buildPhases = (
				8F1FC7CAA4F3646F6DF0EE29 /* Sources */,
				85571E08BD6C0338631AB2B8 /* Resources */,
			);
			buildRules = (
			);
			dependencies = (
			);
			name = FRUSExplorer;
			productName = FRUSExplorer;
			productReference = 3C76858EB2BD9B44B3BF02F4 /* FRUSExplorer.app */;
			productType = "com.apple.product-type.application";
		};
		D8DEAD52775A8E6176EF83CD /* FRUSExplorerMac */ = {
			isa = PBXNativeTarget;
			buildConfigurationList = 5287421A3D6551CCDA955489 /* Build configuration list for PBXNativeTarget "FRUSExplorerMac" */;
			buildPhases = (
				33CBDF404A34A25DEB0269F9 /* Sources */,
				AF95BAA9FFD6BE962E659C6E /* Resources */,
				728DE2A4556FE4DE4A01DD9F /* Frameworks */,
			);
			buildRules = (
			);
			dependencies = (
			);
			name = FRUSExplorerMac;
			packageProductDependencies = (
				68671750974A6214CB151B5C /* Sparkle */,
			);
			productName = FRUSExplorerMac;
			productReference = A64B4DAD6C89EFA87310EC25 /* FRUSExplorerMac.app */;
			productType = "com.apple.product-type.application";
		};
/* End PBXNativeTarget section */

/* Begin PBXProject section */
		CE51A6E8E079D586CF706A88 /* Project object */ = {
			isa = PBXProject;
			attributes = {
				BuildIndependentTargetsInParallel = YES;
				LastUpgradeCheck = 1600;
				TargetAttributes = {
					500BB0630C406B4B416A0344 = {
						TestTargetID = 9550E519E264B17E684E4D82;
					};
					907E5297F9410AF667F66CFD = {
						TestTargetID = 9550E519E264B17E684E4D82;
					};
					9550E519E264B17E684E4D82 = {
						ProvisioningStyle = Automatic;
					};
					D8DEAD52775A8E6176EF83CD = {
						ProvisioningStyle = Automatic;
					};
				};
			};
			buildConfigurationList = 9BD42A02BDDB32E775FC756E /* Build configuration list for PBXProject "FRUSExplorer" */;
			developmentRegion = en;
			hasScannedForEncodings = 0;
			knownRegions = (
				Base,
				en,
			);
			mainGroup = DB950DA0730BD2427F10A285;
			minimizedProjectReferenceProxies = 1;
			packageReferences = (
				BC5C588DC4471AD682801956 /* XCRemoteSwiftPackageReference "Sparkle" */,
			);
			preferredProjectObjectVersion = 77;
			productRefGroup = 76BF97412B6E3EE7EBFDAD0C /* Products */;
			projectDirPath = "";
			projectRoot = "";
			targets = (
				9550E519E264B17E684E4D82 /* FRUSExplorer */,
				D8DEAD52775A8E6176EF83CD /* FRUSExplorerMac */,
				907E5297F9410AF667F66CFD /* FRUSExplorerTests */,
				500BB0630C406B4B416A0344 /* FRUSExplorerUITests */,
			);
		};
/* End PBXProject section */

/* Begin PBXResourcesBuildPhase section */
		85571E08BD6C0338631AB2B8 /* Resources */ = {
			isa = PBXResourcesBuildPhase;
			buildActionMask = 2147483647;
			files = (
				F38326ED7268F68B3EC17242 /* Localizable.strings in Resources */,
				E336CB3BC326A02994D0B575 /* manifest.json in Resources */,
				FEB539CAABF37A5ED1E3A574 /* subject-appearances.json in Resources */,
				394289F250E39E55E732C0C2 /* taxonomy.json in Resources */,
				90FFBCCFADB367D0A52C0291 /* volume-tag-taxonomy.json in Resources */,
				AA06BB02CC03DD04EE060034 /* tei-rendering-config.json in Resources */,
			);
			runOnlyForDeploymentPostprocessing = 0;
		};
		AF95BAA9FFD6BE962E659C6E /* Resources */ = {
			isa = PBXResourcesBuildPhase;
			buildActionMask = 2147483647;
			files = (
				EFD9C62455CC8C3876EE4B5E /* Localizable.strings in Resources */,
				29F10C943388E055406A717D /* manifest.json in Resources */,
				642BC7EF029DFF8E71B1E780 /* subject-appearances.json in Resources */,
				6299EF251CB1514312C72431 /* taxonomy.json in Resources */,
				40D6C246CB8181B4C67AA895 /* volume-tag-taxonomy.json in Resources */,
				AA06BB02CC03DD04EE060035 /* tei-rendering-config.json in Resources */,
			);
			runOnlyForDeploymentPostprocessing = 0;
		};
/* End PBXResourcesBuildPhase section */

/* Begin PBXSourcesBuildPhase section */
		051D680A326C8C05309DAB90 /* Sources */ = {
			isa = PBXSourcesBuildPhase;
			buildActionMask = 2147483647;
			files = (
				43A229214441A0A3CFE6970A /* FRUSExplorerUITests.swift in Sources */,
			);
			runOnlyForDeploymentPostprocessing = 0;
		};
		33CBDF404A34A25DEB0269F9 /* Sources */ = {
			isa = PBXSourcesBuildPhase;
			buildActionMask = 2147483647;
			files = (
				AD3122B18EF6125A4578AA56 /* AppState.swift in Sources */,
				D9AF6BC863B456A42E4CE42F /* ContentView.swift in Sources */,
				9D39AD7B0DDEAB44B7C81CAF /* FRUSExplorerApp.swift in Sources */,
				6DCA88BD2139766CC8F4C72E /* ManifestModels.swift in Sources */,
				79425B089B74B72978721CBB /* ManifestStore.swift in Sources */,
				CB79768B4C635DCD4164AA09 /* TaxonomyModels.swift in Sources */,
				57383AB4A7720F91DCEE13A1 /* VolumeLevelTagStore.swift in Sources */,
				AA08BB02CC03DD04EE080001 /* SubjectTagStore.swift in Sources */,
				AA09BB02CC03DD04EE09F001 /* FTS5Store.swift in Sources (macOS) */,
				AA09BB02CC03DD04EE09F003 /* FTS5Query.swift in Sources (macOS) */,
				AA09BB02CC03DD04EE09F005 /* FTS5Types.swift in Sources (macOS) */,
				AA09BB02CC03DD04EE09F010 /* FTS5Errors.swift in Sources (macOS) */,
				AA09BB02CC03DD04EE09F013 /* FTS5Tokenizer.swift in Sources (macOS) */,
				AA09BB02CC03DD04EE09F016 /* FTS5Connection.swift in Sources (macOS) */,
				AA09BB02CC03DD04EE090001 /* SearchModels.swift in Sources */,
				AA09BB02CC03DD04EE090004 /* IndexingPipeline.swift in Sources */,
				AA09BB02CC03DD04EE090007 /* SearchService.swift in Sources */,
				E83FB53D20F4585C41AAAB73 /* SupportingTypes.swift in Sources */,
				DCAADA810C1FCDA065DBE283 /* Project.swift in Sources */,
				CCC8365E667F068DDD2789AB /* ResearchNote.swift in Sources */,
				73AF92D882DFEB23A68E31A8 /* GeneratedSummary.swift in Sources */,
				18C3D51FD0954E2581DBBE1B /* UserTag.swift in Sources */,
				8BF507B19303B1616F13D219 /* Collection.swift in Sources */,
				392E71244D18E3D3E72BD8F4 /* ReadingHistoryEntry.swift in Sources */,
				DED22DC37C4A695AFB43CB11 /* SummarizationPrompt.swift in Sources */,
				FB68F396F2E101525612CB2D /* ModelContainer+FRUS.swift in Sources */,
				0925AA4DBAD51623842CD5C5 /* KeychainStore.swift in Sources */,
				AA01BB02CC03DD04EE050011 /* DownloadModels.swift in Sources */,
				AA01BB02CC03DD04EE050013 /* DownloadManager.swift in Sources */,
				AA10BB01CC03DD04EE100002 /* OnboardingViewModel.swift in Sources */,
				AA10BB01CC03DD04EE100005 /* OnboardingView.swift in Sources */,
				AA10BB01CC03DD04EE100008 /* OnboardingIntroView.swift in Sources */,
				AA10BB01CC03DD04EE100011 /* OnboardingVolumePickerView.swift in Sources */,
				AA10BB01CC03DD04EE100014 /* OnboardingDownloadView.swift in Sources */,
				AA10BB01CC03DD04EE100017 /* OnboardingProjectSetupView.swift in Sources */,
				AA10BB01CC03DD04EE100020 /* OnboardingPromptSetupView.swift in Sources */,
				AA11BB01CC03DD04EE1102 /* VolumeStructure.swift in Sources */,
				AA11BB01CC03DD04EE1105 /* BrowserViewModel.swift in Sources */,
				AA11BB01CC03DD04EE1108 /* BrowserView.swift in Sources */,
				AA11BB01CC03DD04EE1111 /* CorpusView.swift in Sources */,
				AA11BB01CC03DD04EE1114 /* SubseriesView.swift in Sources */,
				AA11BB01CC03DD04EE1117 /* VolumeView.swift in Sources */,
				AA11BB01CC03DD04EE1120 /* CompilationView.swift in Sources */,
				AA12BB01CC03DD04EE1202 /* DocumentViewModel.swift in Sources */,
				AA12BB01CC03DD04EE1205 /* DocumentView.swift in Sources */,
				AA06BB02CC03DD04EE060022 /* FRUSASTNode.swift in Sources */,
				AA06BB02CC03DD04EE060024 /* FRUSDocumentParser.swift in Sources */,
				AA06BB02CC03DD04EE060026 /* TEIRenderingConfig.swift in Sources */,
				AA06BB02CC03DD04EE060028 /* FRUSRenderNode.swift in Sources */,
				AA06BB02CC03DD04EE060030 /* ASTToRenderNodeConverter.swift in Sources */,
				AA06BB02CC03DD04EE060032 /* FRUSDocumentRenderer.swift in Sources */,
			);
			runOnlyForDeploymentPostprocessing = 0;
		};
		8F1FC7CAA4F3646F6DF0EE29 /* Sources */ = {
			isa = PBXSourcesBuildPhase;
			buildActionMask = 2147483647;
			files = (
				3A7C14B592BB01EF1A3FDB1C /* AppState.swift in Sources */,
				1E9C0A2CDFE9A3CA083C51D2 /* ContentView.swift in Sources */,
				36CDFA52541406F20DF89A33 /* FRUSExplorerApp.swift in Sources */,
				AA6374BFBF221CAC0DBEF4E0 /* ManifestModels.swift in Sources */,
				E51CC7B9013F273B4D128EB6 /* ManifestStore.swift in Sources */,
				B0130650A3D9513A0E58368C /* TaxonomyModels.swift in Sources */,
				887D4D10D94B9100A232EB57 /* VolumeLevelTagStore.swift in Sources */,
				AA08BB02CC03DD04EE080002 /* SubjectTagStore.swift in Sources */,
				AA09BB02CC03DD04EE09F002 /* FTS5Store.swift in Sources (iOS) */,
				AA09BB02CC03DD04EE09F004 /* FTS5Query.swift in Sources (iOS) */,
				AA09BB02CC03DD04EE09F006 /* FTS5Types.swift in Sources (iOS) */,
				AA09BB02CC03DD04EE09F012 /* FTS5Errors.swift in Sources (iOS) */,
				AA09BB02CC03DD04EE09F015 /* FTS5Tokenizer.swift in Sources (iOS) */,
				AA09BB02CC03DD04EE09F018 /* FTS5Connection.swift in Sources (iOS) */,
				AA09BB02CC03DD04EE090002 /* SearchModels.swift in Sources */,
				AA09BB02CC03DD04EE090005 /* IndexingPipeline.swift in Sources */,
				AA09BB02CC03DD04EE090008 /* SearchService.swift in Sources */,
				A715CE19074448DDA44E1980 /* SupportingTypes.swift in Sources */,
				727AA985E27DFD88FB9D2340 /* Project.swift in Sources */,
				F80B3D8D9BBCFEDB3BA130EF /* ResearchNote.swift in Sources */,
				05F141E5842235D4942855CE /* GeneratedSummary.swift in Sources */,
				2535DC6998A028F5511DE0F8 /* UserTag.swift in Sources */,
				3DF4BCC23B937CD52E0723F3 /* Collection.swift in Sources */,
				BBE988FD32B6E62CDC64D145 /* ReadingHistoryEntry.swift in Sources */,
				30CB9A71DD47CD858B1EF38C /* SummarizationPrompt.swift in Sources */,
				A47BD9453B4D595C7BC63443 /* ModelContainer+FRUS.swift in Sources */,
				0B2C4093DE65922F503D8FD7 /* KeychainStore.swift in Sources */,
				AA01BB02CC03DD04EE050012 /* DownloadModels.swift in Sources */,
				AA01BB02CC03DD04EE050014 /* DownloadManager.swift in Sources */,
				AA10BB01CC03DD04EE100003 /* OnboardingViewModel.swift in Sources */,
				AA10BB01CC03DD04EE100006 /* OnboardingView.swift in Sources */,
				AA10BB01CC03DD04EE100009 /* OnboardingIntroView.swift in Sources */,
				AA10BB01CC03DD04EE100012 /* OnboardingVolumePickerView.swift in Sources */,
				AA10BB01CC03DD04EE100015 /* OnboardingDownloadView.swift in Sources */,
				AA10BB01CC03DD04EE100018 /* OnboardingProjectSetupView.swift in Sources */,
				AA10BB01CC03DD04EE100021 /* OnboardingPromptSetupView.swift in Sources */,
				AA11BB01CC03DD04EE1103 /* VolumeStructure.swift in Sources */,
				AA11BB01CC03DD04EE1106 /* BrowserViewModel.swift in Sources */,
				AA11BB01CC03DD04EE1109 /* BrowserView.swift in Sources */,
				AA11BB01CC03DD04EE1112 /* CorpusView.swift in Sources */,
				AA11BB01CC03DD04EE1115 /* SubseriesView.swift in Sources */,
				AA11BB01CC03DD04EE1118 /* VolumeView.swift in Sources */,
				AA11BB01CC03DD04EE1121 /* CompilationView.swift in Sources */,
				AA12BB01CC03DD04EE1203 /* DocumentViewModel.swift in Sources */,
				AA12BB01CC03DD04EE1206 /* DocumentView.swift in Sources */,
				AA06BB02CC03DD04EE060021 /* FRUSASTNode.swift in Sources */,
				AA06BB02CC03DD04EE060023 /* FRUSDocumentParser.swift in Sources */,
				AA06BB02CC03DD04EE060025 /* TEIRenderingConfig.swift in Sources */,
				AA06BB02CC03DD04EE060027 /* FRUSRenderNode.swift in Sources */,
				AA06BB02CC03DD04EE060029 /* ASTToRenderNodeConverter.swift in Sources */,
				AA06BB02CC03DD04EE060031 /* FRUSDocumentRenderer.swift in Sources */,
			);
			runOnlyForDeploymentPostprocessing = 0;
		};
		EF95BF473A92CAA032FD461E /* Sources */ = {
			isa = PBXSourcesBuildPhase;
			buildActionMask = 2147483647;
			files = (
				53194C160535CA23B08EFF8E /* AppStateTests.swift in Sources */,
				38A26A564699691DA7AC0274 /* EntitlementsTests.swift in Sources */,
				64E69EF4C03F523D77453A8F /* ManifestStoreTests.swift in Sources */,
				7CF36496F4F9C03707E63F24 /* TestBundleBridge.swift in Sources */,
				5F43EAE260BA503B5E0B465B /* SwiftDataModelTests.swift in Sources */,
				B4E3BD30BEED170BEE73254C /* ResponseFormatCodingTests.swift in Sources */,
				8680243A81A8986D9C3C2E14 /* KeychainStoreTests.swift in Sources */,
				AA01BB02CC03DD04EE050015 /* DownloadManagerTests.swift in Sources */,
				AA06BB02CC03DD04EE060033 /* TEIParserTests.swift in Sources */,
				AA07BB02CC03DD04EE070001 /* FRUSParserSession07Tests.swift in Sources */,
				AA08BB02CC03DD04EE080004 /* SubjectTagStoreTests.swift in Sources */,
				AA09BB02CC03DD04EE090010 /* IndexingPipelineTests.swift in Sources */,
				AA10BB01CC03DD04EE100023 /* OnboardingTests.swift in Sources */,
				AA11BB01CC03DD04EE1123 /* BrowserViewTests.swift in Sources */,
				AA12BB01CC03DD04EE1208 /* DocumentViewTests.swift in Sources */,
			);
			runOnlyForDeploymentPostprocessing = 0;
		};
/* End PBXSourcesBuildPhase section */

/* Begin PBXTargetDependency section */
		29A0C67EB23E03FC71D3C3BD /* PBXTargetDependency */ = {
			isa = PBXTargetDependency;
			target = 9550E519E264B17E684E4D82 /* FRUSExplorer */;
			targetProxy = 8F7E5E49913F74DBE255BD1C /* PBXContainerItemProxy */;
		};
		95B35C975C6A7A30D885889C /* PBXTargetDependency */ = {
			isa = PBXTargetDependency;
			target = 9550E519E264B17E684E4D82 /* FRUSExplorer */;
			targetProxy = A1CB0F03A1129CE81BBC03A0 /* PBXContainerItemProxy */;
		};
/* End PBXTargetDependency section */

/* Begin XCBuildConfiguration section */
		0A22FA44BCF37DE1FED41BEE /* AppStore */ = {
			isa = XCBuildConfiguration;
			buildSettings = {
				BUNDLE_LOADER = "$(TEST_HOST)";
				GENERATE_INFOPLIST_FILE = YES;
				IPHONEOS_DEPLOYMENT_TARGET = 26.0;
				LD_RUNPATH_SEARCH_PATHS = (
					"$(inherited)",
					"@executable_path/Frameworks",
					"@loader_path/Frameworks",
				);
				PRODUCT_BUNDLE_IDENTIFIER = "bottsywattsy.FRUS-Explorer.tests";
				PRODUCT_NAME = FRUSExplorerTests;
				SDKROOT = iphoneos;
				TARGETED_DEVICE_FAMILY = "1,2";
				TEST_HOST = "$(BUILT_PRODUCTS_DIR)/FRUS Explorer.app/FRUS Explorer";
			};
			name = AppStore;
		};
		14C32046D8E136DE07744EC3 /* Debug */ = {
			isa = XCBuildConfiguration;
			buildSettings = {
				ASSETCATALOG_COMPILER_APPICON_NAME = AppIcon;
				CODE_SIGN_ENTITLEMENTS = "FRUSExplorer/FRUSExplorer-AppStore.entitlements";
				CODE_SIGN_STYLE = Automatic;
				COMBINE_HIDPI_IMAGES = YES;
				GENERATE_INFOPLIST_FILE = YES;
				INFOPLIST_KEY_CFBundleDisplayName = "FRUS Explorer";
				INFOPLIST_KEY_LSApplicationCategoryType = "public.app-category.reference";
				LD_RUNPATH_SEARCH_PATHS = (
					"$(inherited)",
					"@executable_path/../Frameworks",
				);
				MACOSX_DEPLOYMENT_TARGET = 26.0;
				OTHER_LDFLAGS = "-lsqlite3";
				PRODUCT_BUNDLE_IDENTIFIER = "bottsywattsy.FRUS-Explorer";
				PRODUCT_NAME = "FRUS Explorer";
				SDKROOT = macosx;
			};
			name = Debug;
		};
		29165A54ABAAC2BACF0BAB36 /* Debug */ = {
			isa = XCBuildConfiguration;
			buildSettings = {
				ALWAYS_SEARCH_USER_PATHS = NO;
				CLANG_ANALYZER_NONNULL = YES;
				CLANG_ANALYZER_NUMBER_OBJECT_CONVERSION = YES_AGGRESSIVE;
				CLANG_CXX_LANGUAGE_STANDARD = "gnu++14";
				CLANG_CXX_LIBRARY = "libc++";
				CLANG_ENABLE_MODULES = YES;
				CLANG_ENABLE_OBJC_ARC = YES;
				CLANG_ENABLE_OBJC_WEAK = YES;
				CLANG_WARN_BLOCK_CAPTURE_AUTORELEASING = YES;
				CLANG_WARN_BOOL_CONVERSION = YES;
				CLANG_WARN_COMMA = YES;
				CLANG_WARN_CONSTANT_CONVERSION = YES;
				CLANG_WARN_DEPRECATED_OBJC_IMPLEMENTATIONS = YES;
				CLANG_WARN_DIRECT_OBJC_ISA_USAGE = YES_ERROR;
				CLANG_WARN_DOCUMENTATION_COMMENTS = YES;
				CLANG_WARN_EMPTY_BODY = YES;
				CLANG_WARN_ENUM_CONVERSION = YES;
				CLANG_WARN_INFINITE_RECURSION = YES;
				CLANG_WARN_INT_CONVERSION = YES;
				CLANG_WARN_NON_LITERAL_NULL_CONVERSION = YES;
				CLANG_WARN_OBJC_IMPLICIT_RETAIN_SELF = YES;
				CLANG_WARN_OBJC_LITERAL_CONVERSION = YES;
				CLANG_WARN_OBJC_ROOT_CLASS = YES_ERROR;
				CLANG_WARN_QUOTED_INCLUDE_IN_FRAMEWORK_HEADER = YES;
				CLANG_WARN_RANGE_LOOP_ANALYSIS = YES;
				CLANG_WARN_STRICT_PROTOTYPES = YES;
				CLANG_WARN_SUSPICIOUS_MOVE = YES;
				CLANG_WARN_UNGUARDED_AVAILABILITY = YES_AGGRESSIVE;
				CLANG_WARN_UNREACHABLE_CODE = YES;
				CLANG_WARN__DUPLICATE_METHOD_MATCH = YES;
				COPY_PHASE_STRIP = NO;
				DEBUG_INFORMATION_FORMAT = dwarf;
				ENABLE_STRICT_OBJC_MSGSEND = YES;
				ENABLE_TESTABILITY = YES;
				GCC_C_LANGUAGE_STANDARD = gnu11;
				GCC_DYNAMIC_NO_PIC = NO;
				GCC_NO_COMMON_BLOCKS = YES;
				GCC_OPTIMIZATION_LEVEL = 0;
				GCC_PREPROCESSOR_DEFINITIONS = (
					"$(inherited)",
					"DEBUG=1",
				);
				GCC_WARN_64_TO_32_BIT_CONVERSION = YES;
				GCC_WARN_ABOUT_RETURN_TYPE = YES_ERROR;
				GCC_WARN_UNDECLARED_SELECTOR = YES;
				GCC_WARN_UNINITIALIZED_AUTOS = YES_AGGRESSIVE;
				GCC_WARN_UNUSED_FUNCTION = YES;
				GCC_WARN_UNUSED_VARIABLE = YES;
				MTL_ENABLE_DEBUG_INFO = INCLUDE_SOURCE;
				MTL_FAST_MATH = YES;
				ONLY_ACTIVE_ARCH = YES;
				PRODUCT_NAME = "$(TARGET_NAME)";
				SWIFT_ACTIVE_COMPILATION_CONDITIONS = DEBUG;
				SWIFT_OPTIMIZATION_LEVEL = "-Onone";
				SWIFT_STRICT_CONCURRENCY = complete;
				SWIFT_VERSION = 6.0;
			};
			name = Debug;
		};
		47D99EB223ECED668C71C541 /* AppStore */ = {
			isa = XCBuildConfiguration;
			buildSettings = {
				BUNDLE_LOADER = "$(TEST_HOST)";
				GENERATE_INFOPLIST_FILE = YES;
				IPHONEOS_DEPLOYMENT_TARGET = 26.0;
				LD_RUNPATH_SEARCH_PATHS = (
					"$(inherited)",
					"@executable_path/Frameworks",
					"@loader_path/Frameworks",
				);
				PRODUCT_BUNDLE_IDENTIFIER = "bottsywattsy.FRUS-Explorer.uitests";
				PRODUCT_NAME = FRUSExplorerUITests;
				SDKROOT = iphoneos;
				TARGETED_DEVICE_FAMILY = "1,2";
				TEST_TARGET_NAME = FRUSExplorer;
			};
			name = AppStore;
		};
		48B55C37FF3CEAC5668838D5 /* DirectDistribution */ = {
			isa = XCBuildConfiguration;
			buildSettings = {
				BUNDLE_LOADER = "$(TEST_HOST)";
				GENERATE_INFOPLIST_FILE = YES;
				IPHONEOS_DEPLOYMENT_TARGET = 26.0;
				LD_RUNPATH_SEARCH_PATHS = (
					"$(inherited)",
					"@executable_path/Frameworks",
					"@loader_path/Frameworks",
				);
				PRODUCT_BUNDLE_IDENTIFIER = "bottsywattsy.FRUS-Explorer.uitests";
				PRODUCT_NAME = FRUSExplorerUITests;
				SDKROOT = iphoneos;
				TARGETED_DEVICE_FAMILY = "1,2";
				TEST_TARGET_NAME = FRUSExplorer;
			};
			name = DirectDistribution;
		};
		523866EC1221CB013EE26EAC /* DirectDistribution */ = {
			isa = XCBuildConfiguration;
			buildSettings = {
				ALWAYS_SEARCH_USER_PATHS = NO;
				CLANG_ANALYZER_NONNULL = YES;
				CLANG_ANALYZER_NUMBER_OBJECT_CONVERSION = YES_AGGRESSIVE;
				CLANG_CXX_LANGUAGE_STANDARD = "gnu++14";
				CLANG_CXX_LIBRARY = "libc++";
				CLANG_ENABLE_MODULES = YES;
				CLANG_ENABLE_OBJC_ARC = YES;
				CLANG_ENABLE_OBJC_WEAK = YES;
				CLANG_WARN_BLOCK_CAPTURE_AUTORELEASING = YES;
				CLANG_WARN_BOOL_CONVERSION = YES;
				CLANG_WARN_COMMA = YES;
				CLANG_WARN_CONSTANT_CONVERSION = YES;
				CLANG_WARN_DEPRECATED_OBJC_IMPLEMENTATIONS = YES;
				CLANG_WARN_DIRECT_OBJC_ISA_USAGE = YES_ERROR;
				CLANG_WARN_DOCUMENTATION_COMMENTS = YES;
				CLANG_WARN_EMPTY_BODY = YES;
				CLANG_WARN_ENUM_CONVERSION = YES;
				CLANG_WARN_INFINITE_RECURSION = YES;
				CLANG_WARN_INT_CONVERSION = YES;
				CLANG_WARN_NON_LITERAL_NULL_CONVERSION = YES;
				CLANG_WARN_OBJC_IMPLICIT_RETAIN_SELF = YES;
				CLANG_WARN_OBJC_LITERAL_CONVERSION = YES;
				CLANG_WARN_OBJC_ROOT_CLASS = YES_ERROR;
				CLANG_WARN_QUOTED_INCLUDE_IN_FRAMEWORK_HEADER = YES;
				CLANG_WARN_RANGE_LOOP_ANALYSIS = YES;
				CLANG_WARN_STRICT_PROTOTYPES = YES;
				CLANG_WARN_SUSPICIOUS_MOVE = YES;
				CLANG_WARN_UNGUARDED_AVAILABILITY = YES_AGGRESSIVE;
				CLANG_WARN_UNREACHABLE_CODE = YES;
				CLANG_WARN__DUPLICATE_METHOD_MATCH = YES;
				COPY_PHASE_STRIP = NO;
				DEBUG_INFORMATION_FORMAT = "dwarf-with-dsym";
				ENABLE_NS_ASSERTIONS = NO;
				ENABLE_STRICT_OBJC_MSGSEND = YES;
				GCC_C_LANGUAGE_STANDARD = gnu11;
				GCC_NO_COMMON_BLOCKS = YES;
				GCC_WARN_64_TO_32_BIT_CONVERSION = YES;
				GCC_WARN_ABOUT_RETURN_TYPE = YES_ERROR;
				GCC_WARN_UNDECLARED_SELECTOR = YES;
				GCC_WARN_UNINITIALIZED_AUTOS = YES_AGGRESSIVE;
				GCC_WARN_UNUSED_FUNCTION = YES;
				GCC_WARN_UNUSED_VARIABLE = YES;
				MTL_ENABLE_DEBUG_INFO = NO;
				MTL_FAST_MATH = YES;
				PRODUCT_NAME = "$(TARGET_NAME)";
				SWIFT_COMPILATION_MODE = wholemodule;
				SWIFT_OPTIMIZATION_LEVEL = "-O";
				SWIFT_STRICT_CONCURRENCY = complete;
				SWIFT_VERSION = 6.0;
			};
			name = DirectDistribution;
		};
		61EAA6EBF96ECC18D2C85026 /* AppStore */ = {
			isa = XCBuildConfiguration;
			buildSettings = {
				ASSETCATALOG_COMPILER_APPICON_NAME = AppIcon;
				CODE_SIGN_ENTITLEMENTS = "FRUSExplorer/FRUSExplorer-AppStore.entitlements";
				CODE_SIGN_STYLE = Automatic;
				COMBINE_HIDPI_IMAGES = YES;
				GENERATE_INFOPLIST_FILE = YES;
				INFOPLIST_KEY_CFBundleDisplayName = "FRUS Explorer";
				INFOPLIST_KEY_LSApplicationCategoryType = "public.app-category.reference";
				LD_RUNPATH_SEARCH_PATHS = (
					"$(inherited)",
					"@executable_path/../Frameworks",
				);
				MACOSX_DEPLOYMENT_TARGET = 26.0;
				OTHER_LDFLAGS = "-lsqlite3";
				PRODUCT_BUNDLE_IDENTIFIER = "bottsywattsy.FRUS-Explorer";
				PRODUCT_NAME = "FRUS Explorer";
				SDKROOT = macosx;
			};
			name = AppStore;
		};
		B1536D7193A9CF6CE9D9FE62 /* Debug */ = {
			isa = XCBuildConfiguration;
			buildSettings = {
				BUNDLE_LOADER = "$(TEST_HOST)";
				GENERATE_INFOPLIST_FILE = YES;
				IPHONEOS_DEPLOYMENT_TARGET = 26.0;
				LD_RUNPATH_SEARCH_PATHS = (
					"$(inherited)",
					"@executable_path/Frameworks",
					"@loader_path/Frameworks",
				);
				PRODUCT_BUNDLE_IDENTIFIER = "bottsywattsy.FRUS-Explorer.tests";
				PRODUCT_NAME = FRUSExplorerTests;
				SDKROOT = iphoneos;
				TARGETED_DEVICE_FAMILY = "1,2";
				TEST_HOST = "$(BUILT_PRODUCTS_DIR)/FRUS Explorer.app/FRUS Explorer";
			};
			name = Debug;
		};
		C683086AF46B213062F6D7B8 /* DirectDistribution */ = {
			isa = XCBuildConfiguration;
			buildSettings = {
				ASSETCATALOG_COMPILER_APPICON_NAME = AppIcon;
				CODE_SIGN_ENTITLEMENTS = "FRUSExplorer/FRUSExplorer-AppStore.entitlements";
				CODE_SIGN_IDENTITY = "iPhone Developer";
				CODE_SIGN_STYLE = Automatic;
				GENERATE_INFOPLIST_FILE = YES;
				INFOPLIST_KEY_CFBundleDisplayName = "FRUS Explorer";
				INFOPLIST_KEY_UIApplicationSupportsIndirectInputEvents = YES;
				INFOPLIST_KEY_UILaunchScreen_Generation = YES;
				IPHONEOS_DEPLOYMENT_TARGET = 26.0;
				LD_RUNPATH_SEARCH_PATHS = (
					"$(inherited)",
					"@executable_path/Frameworks",
				);
				OTHER_LDFLAGS = "-lsqlite3";
				PRODUCT_BUNDLE_IDENTIFIER = "bottsywattsy.FRUS-Explorer";
				PRODUCT_MODULE_NAME = FRUSExplorer;
				PRODUCT_NAME = "FRUS Explorer";
				SDKROOT = iphoneos;
				TARGETED_DEVICE_FAMILY = "1,2";
			};
			name = DirectDistribution;
		};
		DC4EF822DF6A786A529CC093 /* AppStore */ = {
			isa = XCBuildConfiguration;
			buildSettings = {
				ASSETCATALOG_COMPILER_APPICON_NAME = AppIcon;
				CODE_SIGN_ENTITLEMENTS = "FRUSExplorer/FRUSExplorer-AppStore.entitlements";
				CODE_SIGN_IDENTITY = "iPhone Developer";
				CODE_SIGN_STYLE = Automatic;
				GENERATE_INFOPLIST_FILE = YES;
				INFOPLIST_KEY_CFBundleDisplayName = "FRUS Explorer";
				INFOPLIST_KEY_UIApplicationSupportsIndirectInputEvents = YES;
				INFOPLIST_KEY_UILaunchScreen_Generation = YES;
				IPHONEOS_DEPLOYMENT_TARGET = 26.0;
				LD_RUNPATH_SEARCH_PATHS = (
					"$(inherited)",
					"@executable_path/Frameworks",
				);
				OTHER_LDFLAGS = "-lsqlite3";
				PRODUCT_BUNDLE_IDENTIFIER = "bottsywattsy.FRUS-Explorer";
				PRODUCT_MODULE_NAME = FRUSExplorer;
				PRODUCT_NAME = "FRUS Explorer";
				SDKROOT = iphoneos;
				TARGETED_DEVICE_FAMILY = "1,2";
			};
			name = AppStore;
		};
		E24242C3A81BC771621E991D /* Debug */ = {
			isa = XCBuildConfiguration;
			buildSettings = {
				BUNDLE_LOADER = "$(TEST_HOST)";
				GENERATE_INFOPLIST_FILE = YES;
				IPHONEOS_DEPLOYMENT_TARGET = 26.0;
				LD_RUNPATH_SEARCH_PATHS = (
					"$(inherited)",
					"@executable_path/Frameworks",
					"@loader_path/Frameworks",
				);
				PRODUCT_BUNDLE_IDENTIFIER = "bottsywattsy.FRUS-Explorer.uitests";
				PRODUCT_NAME = FRUSExplorerUITests;
				SDKROOT = iphoneos;
				TARGETED_DEVICE_FAMILY = "1,2";
				TEST_TARGET_NAME = FRUSExplorer;
			};
			name = Debug;
		};
		EDDA59A49AF6CE8B59EC0D0C /* Debug */ = {
			isa = XCBuildConfiguration;
			buildSettings = {
				ASSETCATALOG_COMPILER_APPICON_NAME = AppIcon;
				CODE_SIGN_ENTITLEMENTS = "FRUSExplorer/FRUSExplorer-AppStore.entitlements";
				CODE_SIGN_IDENTITY = "iPhone Developer";
				CODE_SIGN_STYLE = Automatic;
				GENERATE_INFOPLIST_FILE = YES;
				INFOPLIST_KEY_CFBundleDisplayName = "FRUS Explorer";
				INFOPLIST_KEY_UIApplicationSupportsIndirectInputEvents = YES;
				INFOPLIST_KEY_UILaunchScreen_Generation = YES;
				IPHONEOS_DEPLOYMENT_TARGET = 26.0;
				LD_RUNPATH_SEARCH_PATHS = (
					"$(inherited)",
					"@executable_path/Frameworks",
				);
				OTHER_LDFLAGS = "-lsqlite3";
				PRODUCT_BUNDLE_IDENTIFIER = "bottsywattsy.FRUS-Explorer";
				PRODUCT_MODULE_NAME = FRUSExplorer;
				PRODUCT_NAME = "FRUS Explorer";
				SDKROOT = iphoneos;
				TARGETED_DEVICE_FAMILY = "1,2";
			};
			name = Debug;
		};
		F17E946C337C30BD47BB003E /* DirectDistribution */ = {
			isa = XCBuildConfiguration;
			buildSettings = {
				BUNDLE_LOADER = "$(TEST_HOST)";
				GENERATE_INFOPLIST_FILE = YES;
				IPHONEOS_DEPLOYMENT_TARGET = 26.0;
				LD_RUNPATH_SEARCH_PATHS = (
					"$(inherited)",
					"@executable_path/Frameworks",
					"@loader_path/Frameworks",
				);
				PRODUCT_BUNDLE_IDENTIFIER = "bottsywattsy.FRUS-Explorer.tests";
				PRODUCT_NAME = FRUSExplorerTests;
				SDKROOT = iphoneos;
				TARGETED_DEVICE_FAMILY = "1,2";
				TEST_HOST = "$(BUILT_PRODUCTS_DIR)/FRUS Explorer.app/FRUS Explorer";
			};
			name = DirectDistribution;
		};
		F2F4ED7DDA2A0EBCBDD6B9B3 /* DirectDistribution */ = {
			isa = XCBuildConfiguration;
			buildSettings = {
				ASSETCATALOG_COMPILER_APPICON_NAME = AppIcon;
				CODE_SIGN_ENTITLEMENTS = "FRUSExplorer/FRUSExplorer-DirectDistribution.entitlements";
				CODE_SIGN_STYLE = Automatic;
				COMBINE_HIDPI_IMAGES = YES;
				GENERATE_INFOPLIST_FILE = YES;
				INFOPLIST_KEY_CFBundleDisplayName = "FRUS Explorer";
				INFOPLIST_KEY_LSApplicationCategoryType = "public.app-category.reference";
				LD_RUNPATH_SEARCH_PATHS = (
					"$(inherited)",
					"@executable_path/../Frameworks",
				);
				MACOSX_DEPLOYMENT_TARGET = 26.0;
				OTHER_LDFLAGS = "-lsqlite3";
				PRODUCT_BUNDLE_IDENTIFIER = "bottsywattsy.FRUS-Explorer";
				PRODUCT_NAME = "FRUS Explorer";
				SDKROOT = macosx;
			};
			name = DirectDistribution;
		};
		F3A535F73919FA053F741EF8 /* AppStore */ = {
			isa = XCBuildConfiguration;
			buildSettings = {
				ALWAYS_SEARCH_USER_PATHS = NO;
				CLANG_ANALYZER_NONNULL = YES;
				CLANG_ANALYZER_NUMBER_OBJECT_CONVERSION = YES_AGGRESSIVE;
				CLANG_CXX_LANGUAGE_STANDARD = "gnu++14";
				CLANG_CXX_LIBRARY = "libc++";
				CLANG_ENABLE_MODULES = YES;
				CLANG_ENABLE_OBJC_ARC = YES;
				CLANG_ENABLE_OBJC_WEAK = YES;
				CLANG_WARN_BLOCK_CAPTURE_AUTORELEASING = YES;
				CLANG_WARN_BOOL_CONVERSION = YES;
				CLANG_WARN_COMMA = YES;
				CLANG_WARN_CONSTANT_CONVERSION = YES;
				CLANG_WARN_DEPRECATED_OBJC_IMPLEMENTATIONS = YES;
				CLANG_WARN_DIRECT_OBJC_ISA_USAGE = YES_ERROR;
				CLANG_WARN_DOCUMENTATION_COMMENTS = YES;
				CLANG_WARN_EMPTY_BODY = YES;
				CLANG_WARN_ENUM_CONVERSION = YES;
				CLANG_WARN_INFINITE_RECURSION = YES;
				CLANG_WARN_INT_CONVERSION = YES;
				CLANG_WARN_NON_LITERAL_NULL_CONVERSION = YES;
				CLANG_WARN_OBJC_IMPLICIT_RETAIN_SELF = YES;
				CLANG_WARN_OBJC_LITERAL_CONVERSION = YES;
				CLANG_WARN_OBJC_ROOT_CLASS = YES_ERROR;
				CLANG_WARN_QUOTED_INCLUDE_IN_FRAMEWORK_HEADER = YES;
				CLANG_WARN_RANGE_LOOP_ANALYSIS = YES;
				CLANG_WARN_STRICT_PROTOTYPES = YES;
				CLANG_WARN_SUSPICIOUS_MOVE = YES;
				CLANG_WARN_UNGUARDED_AVAILABILITY = YES_AGGRESSIVE;
				CLANG_WARN_UNREACHABLE_CODE = YES;
				CLANG_WARN__DUPLICATE_METHOD_MATCH = YES;
				COPY_PHASE_STRIP = NO;
				DEBUG_INFORMATION_FORMAT = "dwarf-with-dsym";
				ENABLE_NS_ASSERTIONS = NO;
				ENABLE_STRICT_OBJC_MSGSEND = YES;
				GCC_C_LANGUAGE_STANDARD = gnu11;
				GCC_NO_COMMON_BLOCKS = YES;
				GCC_WARN_64_TO_32_BIT_CONVERSION = YES;
				GCC_WARN_ABOUT_RETURN_TYPE = YES_ERROR;
				GCC_WARN_UNDECLARED_SELECTOR = YES;
				GCC_WARN_UNINITIALIZED_AUTOS = YES_AGGRESSIVE;
				GCC_WARN_UNUSED_FUNCTION = YES;
				GCC_WARN_UNUSED_VARIABLE = YES;
				MTL_ENABLE_DEBUG_INFO = NO;
				MTL_FAST_MATH = YES;
				PRODUCT_NAME = "$(TARGET_NAME)";
				SWIFT_COMPILATION_MODE = wholemodule;
				SWIFT_OPTIMIZATION_LEVEL = "-O";
				SWIFT_STRICT_CONCURRENCY = complete;
				SWIFT_VERSION = 6.0;
			};
			name = AppStore;
		};
/* End XCBuildConfiguration section */

/* Begin XCConfigurationList section */
		10A50659E98BD81869CAA5AC /* Build configuration list for PBXNativeTarget "FRUSExplorerUITests" */ = {
			isa = XCConfigurationList;
			buildConfigurations = (
				47D99EB223ECED668C71C541 /* AppStore */,
				E24242C3A81BC771621E991D /* Debug */,
				48B55C37FF3CEAC5668838D5 /* DirectDistribution */,
			);
			defaultConfigurationIsVisible = 0;
			defaultConfigurationName = Debug;
		};
		5287421A3D6551CCDA955489 /* Build configuration list for PBXNativeTarget "FRUSExplorerMac" */ = {
			isa = XCConfigurationList;
			buildConfigurations = (
				61EAA6EBF96ECC18D2C85026 /* AppStore */,
				14C32046D8E136DE07744EC3 /* Debug */,
				F2F4ED7DDA2A0EBCBDD6B9B3 /* DirectDistribution */,
			);
			defaultConfigurationIsVisible = 0;
			defaultConfigurationName = Debug;
		};
		581C2BCCA94FA8CA69C0A131 /* Build configuration list for PBXNativeTarget "FRUSExplorerTests" */ = {
			isa = XCConfigurationList;
			buildConfigurations = (
				0A22FA44BCF37DE1FED41BEE /* AppStore */,
				B1536D7193A9CF6CE9D9FE62 /* Debug */,
				F17E946C337C30BD47BB003E /* DirectDistribution */,
			);
			defaultConfigurationIsVisible = 0;
			defaultConfigurationName = Debug;
		};
		8E0C2DFAA2B0BFEECA8DBEBC /* Build configuration list for PBXNativeTarget "FRUSExplorer" */ = {
			isa = XCConfigurationList;
			buildConfigurations = (
				DC4EF822DF6A786A529CC093 /* AppStore */,
				EDDA59A49AF6CE8B59EC0D0C /* Debug */,
				C683086AF46B213062F6D7B8 /* DirectDistribution */,
			);
			defaultConfigurationIsVisible = 0;
			defaultConfigurationName = Debug;
		};
		9BD42A02BDDB32E775FC756E /* Build configuration list for PBXProject "FRUSExplorer" */ = {
			isa = XCConfigurationList;
			buildConfigurations = (
				F3A535F73919FA053F741EF8 /* AppStore */,
				29165A54ABAAC2BACF0BAB36 /* Debug */,
				523866EC1221CB013EE26EAC /* DirectDistribution */,
			);
			defaultConfigurationIsVisible = 0;
			defaultConfigurationName = Debug;
		};
/* End XCConfigurationList section */

/* Begin XCRemoteSwiftPackageReference section */
		BC5C588DC4471AD682801956 /* XCRemoteSwiftPackageReference "Sparkle" */ = {
			isa = XCRemoteSwiftPackageReference;
			repositoryURL = "https://github.com/sparkle-project/Sparkle";
			requirement = {
				kind = upToNextMinorVersion;
				minimumVersion = 2.0.0;
			};
		};
/* End XCRemoteSwiftPackageReference section */

/* Begin XCSwiftPackageProductDependency section */
		68671750974A6214CB151B5C /* Sparkle */ = {
			isa = XCSwiftPackageProductDependency;
			package = BC5C588DC4471AD682801956 /* XCRemoteSwiftPackageReference "Sparkle" */;
			productName = Sparkle;
		};
/* End XCSwiftPackageProductDependency section */
	};
	rootObject = CE51A6E8E079D586CF706A88 /* Project object */;
}
